// !$*UTF8*$!
{
	archiveVersion = 1;
	classes = {
	};
	objectVersion = 46;
	objects = {

/* Begin PBXBuildFile section */
		65007A591729939C000FBFA5 /* reso_galaxy_blur.png in Resources */ = {isa = PBXBuildFile; fileRef = 65007A571729939C000FBFA5 /* reso_galaxy_blur.png */; };
		65007A5A1729939C000FBFA5 /* reso_galaxy.png in Resources */ = {isa = PBXBuildFile; fileRef = 65007A581729939C000FBFA5 /* reso_galaxy.png */; };
		651002C915F2E3BA00B38890 /* UIKit.framework in Frameworks */ = {isa = PBXBuildFile; fileRef = 651002C815F2E3BA00B38890 /* UIKit.framework */; };
		651002CB15F2E3BA00B38890 /* Foundation.framework in Frameworks */ = {isa = PBXBuildFile; fileRef = 651002CA15F2E3BA00B38890 /* Foundation.framework */; };
		651002CD15F2E3BA00B38890 /* CoreGraphics.framework in Frameworks */ = {isa = PBXBuildFile; fileRef = 651002CC15F2E3BA00B38890 /* CoreGraphics.framework */; };
		651002E015F2E59700B38890 /* QuartzCore.framework in Frameworks */ = {isa = PBXBuildFile; fileRef = 651002DF15F2E59700B38890 /* QuartzCore.framework */; };
		651002E215F2E59F00B38890 /* OpenGLES.framework in Frameworks */ = {isa = PBXBuildFile; fileRef = 651002E115F2E59F00B38890 /* OpenGLES.framework */; };
		651002E415F2E5AA00B38890 /* GLKit.framework in Frameworks */ = {isa = PBXBuildFile; fileRef = 651002E315F2E5AA00B38890 /* GLKit.framework */; };
		6510034E15F3F2B000B38890 /* CoreVideo.framework in Frameworks */ = {isa = PBXBuildFile; fileRef = 6510034D15F3F2B000B38890 /* CoreVideo.framework */; };
		652C3A981721D44A00D585D0 /* Shader.fsh in Resources */ = {isa = PBXBuildFile; fileRef = 652C3A941721D35100D585D0 /* Shader.fsh */; };
		652C3A991721D44A00D585D0 /* Shader.vsh in Resources */ = {isa = PBXBuildFile; fileRef = 652C3A951721D35100D585D0 /* Shader.vsh */; };
		659E4D0517222D6B00B3D32D /* iphone5_sitf_blur.jpg in Resources */ = {isa = PBXBuildFile; fileRef = 659E4D0317222D6B00B3D32D /* iphone5_sitf_blur.jpg */; };
		659E4D0617222D6B00B3D32D /* iphone5_sitf.jpg in Resources */ = {isa = PBXBuildFile; fileRef = 659E4D0417222D6B00B3D32D /* iphone5_sitf.jpg */; };
		659E4D0B172233E400B3D32D /* nebula_blue_blur.jpg in Resources */ = {isa = PBXBuildFile; fileRef = 659E4D07172233E400B3D32D /* nebula_blue_blur.jpg */; };
		659E4D0C172233E400B3D32D /* nebula_blue.jpg in Resources */ = {isa = PBXBuildFile; fileRef = 659E4D08172233E400B3D32D /* nebula_blue.jpg */; };
		659E4D0D172233E400B3D32D /* nebula_orange_blur.jpg in Resources */ = {isa = PBXBuildFile; fileRef = 659E4D09172233E400B3D32D /* nebula_orange_blur.jpg */; };
		659E4D0E172233E400B3D32D /* nebula_orange.jpg in Resources */ = {isa = PBXBuildFile; fileRef = 659E4D0A172233E400B3D32D /* nebula_orange.jpg */; };
		659E4DA41722378E00B3D32D /* pattern_blue_blur.jpg in Resources */ = {isa = PBXBuildFile; fileRef = 659E4DA21722378E00B3D32D /* pattern_blue_blur.jpg */; };
		659E4DA51722378E00B3D32D /* pattern_blue.jpg in Resources */ = {isa = PBXBuildFile; fileRef = 659E4DA31722378E00B3D32D /* pattern_blue.jpg */; };
		65A2B7191721CEBA00404340 /* InfoPlist.strings in Resources */ = {isa = PBXBuildFile; fileRef = 65A2B6F81721CEBA00404340 /* InfoPlist.strings */; };
		65A2B71A1721CEBA00404340 /* k-blur@2.jpg in Resources */ = {isa = PBXBuildFile; fileRef = 65A2B6FA1721CEBA00404340 /* k-blur@2.jpg */; };
		65A2B71B1721CEBA00404340 /* k@2.jpg in Resources */ = {isa = PBXBuildFile; fileRef = 65A2B6FB1721CEBA00404340 /* k@2.jpg */; };
		65A2B71C1721CEBA00404340 /* main.m in Sources */ = {isa = PBXBuildFile; fileRef = 65A2B6FC1721CEBA00404340 /* main.m */; };
		65A2B71E1721CEBA00404340 /* oceanblue-blur@2.jpg in Resources */ = {isa = PBXBuildFile; fileRef = 65A2B6FE1721CEBA00404340 /* oceanblue-blur@2.jpg */; };
		65A2B71F1721CEBA00404340 /* oceanblue@2.jpg in Resources */ = {isa = PBXBuildFile; fileRef = 65A2B6FF1721CEBA00404340 /* oceanblue@2.jpg */; };
		65A2B7201721CEBA00404340 /* pink-blossoms-blur@2.jpg in Resources */ = {isa = PBXBuildFile; fileRef = 65A2B7001721CEBA00404340 /* pink-blossoms-blur@2.jpg */; };
		65A2B7211721CEBA00404340 /* pink-blossoms@2.jpg in Resources */ = {isa = PBXBuildFile; fileRef = 65A2B7011721CEBA00404340 /* pink-blossoms@2.jpg */; };
		65A2B7221721CEBA00404340 /* ranier-snow-blur@2.jpg in Resources */ = {isa = PBXBuildFile; fileRef = 65A2B7021721CEBA00404340 /* ranier-snow-blur@2.jpg */; };
		65A2B7231721CEBA00404340 /* ranier-snow@2.jpg in Resources */ = {isa = PBXBuildFile; fileRef = 65A2B7031721CEBA00404340 /* ranier-snow@2.jpg */; };
		65A2B7251721CEBA00404340 /* ResoAppDelegate.mm in Sources */ = {isa = PBXBuildFile; fileRef = 65A2B7071721CEBA00404340 /* ResoAppDelegate.mm */; };
		65A2B7261721CEBA00404340 /* ResoUiViewController.mm in Sources */ = {isa = PBXBuildFile; fileRef = 65A2B70A1721CEBA00404340 /* ResoUiViewController.mm */; };
		65A2B7271721CEBA00404340 /* RippleModel.mm in Sources */ = {isa = PBXBuildFile; fileRef = 65A2B70C1721CEBA00404340 /* RippleModel.mm */; };
		65A2B72A1721CEBA00404340 /* space-blur@2.png in Resources */ = {isa = PBXBuildFile; fileRef = 65A2B70F1721CEBA00404340 /* space-blur@2.png */; };
		65A2B72B1721CEBA00404340 /* space.png in Resources */ = {isa = PBXBuildFile; fileRef = 65A2B7101721CEBA00404340 /* space.png */; };
		65A2B72C1721CEBA00404340 /* space@2.png in Resources */ = {isa = PBXBuildFile; fileRef = 65A2B7111721CEBA00404340 /* space@2.png */; };
		65A2B72D1721CEBA00404340 /* starlight-blur@2.jpg in Resources */ = {isa = PBXBuildFile; fileRef = 65A2B7121721CEBA00404340 /* starlight-blur@2.jpg */; };
		65A2B72E1721CEBA00404340 /* starlight@2.jpg in Resources */ = {isa = PBXBuildFile; fileRef = 65A2B7131721CEBA00404340 /* starlight@2.jpg */; };
		65A2B72F1721CEBA00404340 /* sunflower-blur@2.jpg in Resources */ = {isa = PBXBuildFile; fileRef = 65A2B7141721CEBA00404340 /* sunflower-blur@2.jpg */; };
		65A2B7301721CEBA00404340 /* sunflower@2.jpg in Resources */ = {isa = PBXBuildFile; fileRef = 65A2B7151721CEBA00404340 /* sunflower@2.jpg */; };
		65A2B7311721CEBA00404340 /* waterfall-blur@2.png in Resources */ = {isa = PBXBuildFile; fileRef = 65A2B7161721CEBA00404340 /* waterfall-blur@2.png */; };
		65A2B7321721CEBA00404340 /* waterfall.png in Resources */ = {isa = PBXBuildFile; fileRef = 65A2B7171721CEBA00404340 /* waterfall.png */; };
		65A2B7331721CEBA00404340 /* waterfall@2.png in Resources */ = {isa = PBXBuildFile; fileRef = 65A2B7181721CEBA00404340 /* waterfall@2.png */; };
		65B111651728F00400E81BDF /* reso_space_blur.jpg in Resources */ = {isa = PBXBuildFile; fileRef = 65B111631728F00400E81BDF /* reso_space_blur.jpg */; };
		65B111661728F00400E81BDF /* reso_space.jpg in Resources */ = {isa = PBXBuildFile; fileRef = 65B111641728F00400E81BDF /* reso_space.jpg */; };
		65C153031731E3F90082897E /* ResoSoundManager.m in Sources */ = {isa = PBXBuildFile; fileRef = 65C153021731E3F80082897E /* ResoSoundManager.m */; };
		65D40931172DB09B00026905 /* ResoSlider.mm in Sources */ = {isa = PBXBuildFile; fileRef = 65D40930172DB09B00026905 /* ResoSlider.mm */; };
		65EADA0B1703F784007CB200 /* Default-568h@2x.png in Resources */ = {isa = PBXBuildFile; fileRef = 65EADA0A1703F784007CB200 /* Default-568h@2x.png */; };
		65FE9EB3172EE35200E8E1EF /* ResoPortalViewController.mm in Sources */ = {isa = PBXBuildFile; fileRef = 65FE9EB2172EE35200E8E1EF /* ResoPortalViewController.mm */; };
		65FE9EB6172EE39500E8E1EF /* ResoSoundViewController.mm in Sources */ = {isa = PBXBuildFile; fileRef = 65FE9EB5172EE39500E8E1EF /* ResoSoundViewController.mm */; };
		65FE9EBA172EF5BF00E8E1EF /* AudioToolbox.framework in Frameworks */ = {isa = PBXBuildFile; fileRef = 65FE9EB7172EF5BE00E8E1EF /* AudioToolbox.framework */; };
		65FE9EBB172EF5BF00E8E1EF /* AVFoundation.framework in Frameworks */ = {isa = PBXBuildFile; fileRef = 65FE9EB8172EF5BE00E8E1EF /* AVFoundation.framework */; };
		65FE9EBC172EF5BF00E8E1EF /* CoreAudio.framework in Frameworks */ = {isa = PBXBuildFile; fileRef = 65FE9EB9172EF5BF00E8E1EF /* CoreAudio.framework */; };
		65FE9EC2172EFAE400E8E1EF /* libfmodex_iphoneos.a in Frameworks */ = {isa = PBXBuildFile; fileRef = 65FE9EC1172EFAE400E8E1EF /* libfmodex_iphoneos.a */; };
		65FE9ECE172EFC6B00E8E1EF /* FMODSound.mm in Sources */ = {isa = PBXBuildFile; fileRef = 65FE9EC4172EFC6900E8E1EF /* FMODSound.mm */; };
		65FE9ECF172EFC6B00E8E1EF /* FMODSoundEngine.mm in Sources */ = {isa = PBXBuildFile; fileRef = 65FE9EC6172EFC6A00E8E1EF /* FMODSoundEngine.mm */; };
		65FE9ED0172EFC6B00E8E1EF /* FMODTone.mm in Sources */ = {isa = PBXBuildFile; fileRef = 65FE9EC8172EFC6A00E8E1EF /* FMODTone.mm */; };
		65FE9ED1172EFC6B00E8E1EF /* ResoSoundViewController.xib in Resources */ = {isa = PBXBuildFile; fileRef = 65FE9ECD172EFC6B00E8E1EF /* ResoSoundViewController.xib */; };
		65FE9ED4172F009D00E8E1EF /* drumloop.wav in Resources */ = {isa = PBXBuildFile; fileRef = 65FE9ED2172F009C00E8E1EF /* drumloop.wav */; };
		65FE9ED5172F009D00E8E1EF /* swish.wav in Resources */ = {isa = PBXBuildFile; fileRef = 65FE9ED3172F009D00E8E1EF /* swish.wav */; };
		65FE9EDC172F097300E8E1EF /* ResoDataViewController.m in Sources */ = {isa = PBXBuildFile; fileRef = 65FE9EDB172F097300E8E1EF /* ResoDataViewController.m */; };
		65FE9F0C172F0CA800E8E1EF /* CoreData.framework in Frameworks */ = {isa = PBXBuildFile; fileRef = 65FE9F0B172F0CA800E8E1EF /* CoreData.framework */; };
		65FE9F0F172F0D6E00E8E1EF /* reso_sandbox.xcdatamodeld in Sources */ = {isa = PBXBuildFile; fileRef = 65FE9F0D172F0D6E00E8E1EF /* reso_sandbox.xcdatamodeld */; };
/* End PBXBuildFile section */

/* Begin PBXFileReference section */
		65007A571729939C000FBFA5 /* reso_galaxy_blur.png */ = {isa = PBXFileReference; lastKnownFileType = image.png; path = reso_galaxy_blur.png; sourceTree = "<group>"; };
		65007A581729939C000FBFA5 /* reso_galaxy.png */ = {isa = PBXFileReference; lastKnownFileType = image.png; path = reso_galaxy.png; sourceTree = "<group>"; };
		651002C415F2E3BA00B38890 /* reso_sandbox.app */ = {isa = PBXFileReference; explicitFileType = wrapper.application; includeInIndex = 0; path = reso_sandbox.app; sourceTree = BUILT_PRODUCTS_DIR; };
		651002C815F2E3BA00B38890 /* UIKit.framework */ = {isa = PBXFileReference; lastKnownFileType = wrapper.framework; name = UIKit.framework; path = System/Library/Frameworks/UIKit.framework; sourceTree = SDKROOT; };
		651002CA15F2E3BA00B38890 /* Foundation.framework */ = {isa = PBXFileReference; lastKnownFileType = wrapper.framework; name = Foundation.framework; path = System/Library/Frameworks/Foundation.framework; sourceTree = SDKROOT; };
		651002CC15F2E3BA00B38890 /* CoreGraphics.framework */ = {isa = PBXFileReference; lastKnownFileType = wrapper.framework; name = CoreGraphics.framework; path = System/Library/Frameworks/CoreGraphics.framework; sourceTree = SDKROOT; };
		651002DF15F2E59700B38890 /* QuartzCore.framework */ = {isa = PBXFileReference; lastKnownFileType = wrapper.framework; name = QuartzCore.framework; path = System/Library/Frameworks/QuartzCore.framework; sourceTree = SDKROOT; };
		651002E115F2E59F00B38890 /* OpenGLES.framework */ = {isa = PBXFileReference; lastKnownFileType = wrapper.framework; name = OpenGLES.framework; path = System/Library/Frameworks/OpenGLES.framework; sourceTree = SDKROOT; };
		651002E315F2E5AA00B38890 /* GLKit.framework */ = {isa = PBXFileReference; lastKnownFileType = wrapper.framework; name = GLKit.framework; path = System/Library/Frameworks/GLKit.framework; sourceTree = SDKROOT; };
		6510034D15F3F2B000B38890 /* CoreVideo.framework */ = {isa = PBXFileReference; lastKnownFileType = wrapper.framework; name = CoreVideo.framework; path = System/Library/Frameworks/CoreVideo.framework; sourceTree = SDKROOT; };
		652C3A941721D35100D585D0 /* Shader.fsh */ = {isa = PBXFileReference; fileEncoding = 4; lastKnownFileType = sourcecode.glsl; path = Shader.fsh; sourceTree = "<group>"; };
		652C3A951721D35100D585D0 /* Shader.vsh */ = {isa = PBXFileReference; fileEncoding = 4; lastKnownFileType = sourcecode.glsl; path = Shader.vsh; sourceTree = "<group>"; };
		659E4D0317222D6B00B3D32D /* iphone5_sitf_blur.jpg */ = {isa = PBXFileReference; lastKnownFileType = image.jpeg; path = iphone5_sitf_blur.jpg; sourceTree = "<group>"; };
		659E4D0417222D6B00B3D32D /* iphone5_sitf.jpg */ = {isa = PBXFileReference; lastKnownFileType = image.jpeg; path = iphone5_sitf.jpg; sourceTree = "<group>"; };
		659E4D07172233E400B3D32D /* nebula_blue_blur.jpg */ = {isa = PBXFileReference; lastKnownFileType = image.jpeg; path = nebula_blue_blur.jpg; sourceTree = "<group>"; };
		659E4D08172233E400B3D32D /* nebula_blue.jpg */ = {isa = PBXFileReference; lastKnownFileType = image.jpeg; path = nebula_blue.jpg; sourceTree = "<group>"; };
		659E4D09172233E400B3D32D /* nebula_orange_blur.jpg */ = {isa = PBXFileReference; lastKnownFileType = image.jpeg; path = nebula_orange_blur.jpg; sourceTree = "<group>"; };
		659E4D0A172233E400B3D32D /* nebula_orange.jpg */ = {isa = PBXFileReference; lastKnownFileType = image.jpeg; path = nebula_orange.jpg; sourceTree = "<group>"; };
		659E4DA21722378E00B3D32D /* pattern_blue_blur.jpg */ = {isa = PBXFileReference; lastKnownFileType = image.jpeg; path = pattern_blue_blur.jpg; sourceTree = "<group>"; };
		659E4DA31722378E00B3D32D /* pattern_blue.jpg */ = {isa = PBXFileReference; lastKnownFileType = image.jpeg; path = pattern_blue.jpg; sourceTree = "<group>"; };
		65A2B6F91721CEBA00404340 /* en */ = {isa = PBXFileReference; lastKnownFileType = text.plist.strings; name = en; path = en.lproj/InfoPlist.strings; sourceTree = "<group>"; };
		65A2B6FA1721CEBA00404340 /* k-blur@2.jpg */ = {isa = PBXFileReference; lastKnownFileType = image.jpeg; path = "k-blur@2.jpg"; sourceTree = "<group>"; };
		65A2B6FB1721CEBA00404340 /* k@2.jpg */ = {isa = PBXFileReference; lastKnownFileType = image.jpeg; path = "k@2.jpg"; sourceTree = "<group>"; };
		65A2B6FC1721CEBA00404340 /* main.m */ = {isa = PBXFileReference; fileEncoding = 4; lastKnownFileType = sourcecode.c.objc; path = main.m; sourceTree = "<group>"; };
		65A2B6FE1721CEBA00404340 /* oceanblue-blur@2.jpg */ = {isa = PBXFileReference; lastKnownFileType = image.jpeg; path = "oceanblue-blur@2.jpg"; sourceTree = "<group>"; };
		65A2B6FF1721CEBA00404340 /* oceanblue@2.jpg */ = {isa = PBXFileReference; lastKnownFileType = image.jpeg; path = "oceanblue@2.jpg"; sourceTree = "<group>"; };
		65A2B7001721CEBA00404340 /* pink-blossoms-blur@2.jpg */ = {isa = PBXFileReference; lastKnownFileType = image.jpeg; path = "pink-blossoms-blur@2.jpg"; sourceTree = "<group>"; };
		65A2B7011721CEBA00404340 /* pink-blossoms@2.jpg */ = {isa = PBXFileReference; lastKnownFileType = image.jpeg; path = "pink-blossoms@2.jpg"; sourceTree = "<group>"; };
		65A2B7021721CEBA00404340 /* ranier-snow-blur@2.jpg */ = {isa = PBXFileReference; lastKnownFileType = image.jpeg; path = "ranier-snow-blur@2.jpg"; sourceTree = "<group>"; };
		65A2B7031721CEBA00404340 /* ranier-snow@2.jpg */ = {isa = PBXFileReference; lastKnownFileType = image.jpeg; path = "ranier-snow@2.jpg"; sourceTree = "<group>"; };
		65A2B7041721CEBA00404340 /* reso_sandbox-Info.plist */ = {isa = PBXFileReference; fileEncoding = 4; lastKnownFileType = text.plist.xml; path = "reso_sandbox-Info.plist"; sourceTree = "<group>"; };
		65A2B7051721CEBA00404340 /* reso_sandbox-Prefix.pch */ = {isa = PBXFileReference; fileEncoding = 4; lastKnownFileType = sourcecode.c.h; path = "reso_sandbox-Prefix.pch"; sourceTree = "<group>"; };
		65A2B7061721CEBA00404340 /* ResoAppDelegate.h */ = {isa = PBXFileReference; fileEncoding = 4; lastKnownFileType = sourcecode.c.h; path = ResoAppDelegate.h; sourceTree = "<group>"; };
		65A2B7071721CEBA00404340 /* ResoAppDelegate.mm */ = {isa = PBXFileReference; fileEncoding = 4; lastKnownFileType = sourcecode.cpp.objcpp; path = ResoAppDelegate.mm; sourceTree = "<group>"; };
		65A2B7081721CEBA00404340 /* ResoTypes.h */ = {isa = PBXFileReference; fileEncoding = 4; lastKnownFileType = sourcecode.c.h; path = ResoTypes.h; sourceTree = "<group>"; };
		65A2B7091721CEBA00404340 /* ResoUiViewController.h */ = {isa = PBXFileReference; fileEncoding = 4; lastKnownFileType = sourcecode.c.h; path = ResoUiViewController.h; sourceTree = "<group>"; };
		65A2B70A1721CEBA00404340 /* ResoUiViewController.mm */ = {isa = PBXFileReference; fileEncoding = 4; lastKnownFileType = sourcecode.cpp.objcpp; path = ResoUiViewController.mm; sourceTree = "<group>"; };
		65A2B70B1721CEBA00404340 /* RippleModel.h */ = {isa = PBXFileReference; fileEncoding = 4; lastKnownFileType = sourcecode.c.h; path = RippleModel.h; sourceTree = "<group>"; };
		65A2B70C1721CEBA00404340 /* RippleModel.mm */ = {isa = PBXFileReference; fileEncoding = 4; lastKnownFileType = sourcecode.cpp.objcpp; path = RippleModel.mm; sourceTree = "<group>"; };
		65A2B70F1721CEBA00404340 /* space-blur@2.png */ = {isa = PBXFileReference; lastKnownFileType = image.png; path = "space-blur@2.png"; sourceTree = "<group>"; };
		65A2B7101721CEBA00404340 /* space.png */ = {isa = PBXFileReference; lastKnownFileType = image.png; path = space.png; sourceTree = "<group>"; };
		65A2B7111721CEBA00404340 /* space@2.png */ = {isa = PBXFileReference; lastKnownFileType = image.png; path = "space@2.png"; sourceTree = "<group>"; };
		65A2B7121721CEBA00404340 /* starlight-blur@2.jpg */ = {isa = PBXFileReference; lastKnownFileType = image.jpeg; path = "starlight-blur@2.jpg"; sourceTree = "<group>"; };
		65A2B7131721CEBA00404340 /* starlight@2.jpg */ = {isa = PBXFileReference; lastKnownFileType = image.jpeg; path = "starlight@2.jpg"; sourceTree = "<group>"; };
		65A2B7141721CEBA00404340 /* sunflower-blur@2.jpg */ = {isa = PBXFileReference; lastKnownFileType = image.jpeg; path = "sunflower-blur@2.jpg"; sourceTree = "<group>"; };
		65A2B7151721CEBA00404340 /* sunflower@2.jpg */ = {isa = PBXFileReference; lastKnownFileType = image.jpeg; path = "sunflower@2.jpg"; sourceTree = "<group>"; };
		65A2B7161721CEBA00404340 /* waterfall-blur@2.png */ = {isa = PBXFileReference; lastKnownFileType = image.png; path = "waterfall-blur@2.png"; sourceTree = "<group>"; };
		65A2B7171721CEBA00404340 /* waterfall.png */ = {isa = PBXFileReference; lastKnownFileType = image.png; path = waterfall.png; sourceTree = "<group>"; };
		65A2B7181721CEBA00404340 /* waterfall@2.png */ = {isa = PBXFileReference; lastKnownFileType = image.png; path = "waterfall@2.png"; sourceTree = "<group>"; };
		65B111631728F00400E81BDF /* reso_space_blur.jpg */ = {isa = PBXFileReference; lastKnownFileType = image.jpeg; path = reso_space_blur.jpg; sourceTree = "<group>"; };
		65B111641728F00400E81BDF /* reso_space.jpg */ = {isa = PBXFileReference; lastKnownFileType = image.jpeg; path = reso_space.jpg; sourceTree = "<group>"; };
		65C153011731E3F80082897E /* ResoSoundManager.h */ = {isa = PBXFileReference; fileEncoding = 4; lastKnownFileType = sourcecode.c.h; path = ResoSoundManager.h; sourceTree = "<group>"; };
		65C153021731E3F80082897E /* ResoSoundManager.m */ = {isa = PBXFileReference; fileEncoding = 4; lastKnownFileType = sourcecode.c.objc; path = ResoSoundManager.m; sourceTree = "<group>"; };
		65D4092F172DB09B00026905 /* ResoSlider.h */ = {isa = PBXFileReference; fileEncoding = 4; lastKnownFileType = sourcecode.c.h; path = ResoSlider.h; sourceTree = "<group>"; };
		65D40930172DB09B00026905 /* ResoSlider.mm */ = {isa = PBXFileReference; fileEncoding = 4; lastKnownFileType = sourcecode.cpp.objcpp; path = ResoSlider.mm; sourceTree = "<group>"; };
		65EADA0A1703F784007CB200 /* Default-568h@2x.png */ = {isa = PBXFileReference; lastKnownFileType = image.png; name = "Default-568h@2x.png"; path = "../Default-568h@2x.png"; sourceTree = "<group>"; };
		65FE9EB1172EE35200E8E1EF /* ResoPortalViewController.h */ = {isa = PBXFileReference; fileEncoding = 4; lastKnownFileType = sourcecode.c.h; path = ResoPortalViewController.h; sourceTree = "<group>"; };
		65FE9EB2172EE35200E8E1EF /* ResoPortalViewController.mm */ = {isa = PBXFileReference; fileEncoding = 4; lastKnownFileType = sourcecode.cpp.objcpp; path = ResoPortalViewController.mm; sourceTree = "<group>"; };
		65FE9EB4172EE39500E8E1EF /* ResoSoundViewController.h */ = {isa = PBXFileReference; fileEncoding = 4; lastKnownFileType = sourcecode.c.h; path = ResoSoundViewController.h; sourceTree = "<group>"; };
		65FE9EB5172EE39500E8E1EF /* ResoSoundViewController.mm */ = {isa = PBXFileReference; fileEncoding = 4; lastKnownFileType = sourcecode.cpp.objcpp; path = ResoSoundViewController.mm; sourceTree = "<group>"; };
		65FE9EB7172EF5BE00E8E1EF /* AudioToolbox.framework */ = {isa = PBXFileReference; lastKnownFileType = wrapper.framework; name = AudioToolbox.framework; path = System/Library/Frameworks/AudioToolbox.framework; sourceTree = SDKROOT; };
		65FE9EB8172EF5BE00E8E1EF /* AVFoundation.framework */ = {isa = PBXFileReference; lastKnownFileType = wrapper.framework; name = AVFoundation.framework; path = System/Library/Frameworks/AVFoundation.framework; sourceTree = SDKROOT; };
		65FE9EB9172EF5BF00E8E1EF /* CoreAudio.framework */ = {isa = PBXFileReference; lastKnownFileType = wrapper.framework; name = CoreAudio.framework; path = System/Library/Frameworks/CoreAudio.framework; sourceTree = SDKROOT; };
		65FE9EC1172EFAE400E8E1EF /* libfmodex_iphoneos.a */ = {isa = PBXFileReference; lastKnownFileType = archive.ar; name = libfmodex_iphoneos.a; path = ../../../../../Library/FMOD/api/lib/libfmodex_iphoneos.a; sourceTree = "<group>"; };
		65FE9EC3172EFC6900E8E1EF /* FMODSound.h */ = {isa = PBXFileReference; fileEncoding = 4; lastKnownFileType = sourcecode.c.h; path = FMODSound.h; sourceTree = "<group>"; };
		65FE9EC4172EFC6900E8E1EF /* FMODSound.mm */ = {isa = PBXFileReference; fileEncoding = 4; lastKnownFileType = sourcecode.cpp.objcpp; path = FMODSound.mm; sourceTree = "<group>"; };
		65FE9EC5172EFC6900E8E1EF /* FMODSoundEngine.h */ = {isa = PBXFileReference; fileEncoding = 4; lastKnownFileType = sourcecode.c.h; path = FMODSoundEngine.h; sourceTree = "<group>"; };
		65FE9EC6172EFC6A00E8E1EF /* FMODSoundEngine.mm */ = {isa = PBXFileReference; fileEncoding = 4; lastKnownFileType = sourcecode.cpp.objcpp; path = FMODSoundEngine.mm; sourceTree = "<group>"; };
		65FE9EC7172EFC6A00E8E1EF /* FMODTone.h */ = {isa = PBXFileReference; fileEncoding = 4; lastKnownFileType = sourcecode.c.h; path = FMODTone.h; sourceTree = "<group>"; };
		65FE9EC8172EFC6A00E8E1EF /* FMODTone.mm */ = {isa = PBXFileReference; fileEncoding = 4; lastKnownFileType = sourcecode.cpp.objcpp; path = FMODTone.mm; sourceTree = "<group>"; };
		65FE9EC9172EFC6A00E8E1EF /* IRecorder.h */ = {isa = PBXFileReference; fileEncoding = 4; lastKnownFileType = sourcecode.c.h; path = IRecorder.h; sourceTree = "<group>"; };
		65FE9ECA172EFC6A00E8E1EF /* ISound.h */ = {isa = PBXFileReference; fileEncoding = 4; lastKnownFileType = sourcecode.c.h; path = ISound.h; sourceTree = "<group>"; };
		65FE9ECB172EFC6B00E8E1EF /* ISoundEngine.h */ = {isa = PBXFileReference; fileEncoding = 4; lastKnownFileType = sourcecode.c.h; path = ISoundEngine.h; sourceTree = "<group>"; };
		65FE9ECC172EFC6B00E8E1EF /* ITone.h */ = {isa = PBXFileReference; fileEncoding = 4; lastKnownFileType = sourcecode.c.h; path = ITone.h; sourceTree = "<group>"; };
		65FE9ECD172EFC6B00E8E1EF /* ResoSoundViewController.xib */ = {isa = PBXFileReference; fileEncoding = 4; lastKnownFileType = file.xib; path = ResoSoundViewController.xib; sourceTree = "<group>"; };
		65FE9ED2172F009C00E8E1EF /* drumloop.wav */ = {isa = PBXFileReference; lastKnownFileType = audio.wav; path = drumloop.wav; sourceTree = "<group>"; };
		65FE9ED3172F009D00E8E1EF /* swish.wav */ = {isa = PBXFileReference; lastKnownFileType = audio.wav; path = swish.wav; sourceTree = "<group>"; };
		65FE9EDA172F097300E8E1EF /* ResoDataViewController.h */ = {isa = PBXFileReference; fileEncoding = 4; lastKnownFileType = sourcecode.c.h; path = ResoDataViewController.h; sourceTree = "<group>"; };
		65FE9EDB172F097300E8E1EF /* ResoDataViewController.m */ = {isa = PBXFileReference; fileEncoding = 4; lastKnownFileType = sourcecode.c.objc; path = ResoDataViewController.m; sourceTree = "<group>"; };
		65FE9F0B172F0CA800E8E1EF /* CoreData.framework */ = {isa = PBXFileReference; lastKnownFileType = wrapper.framework; name = CoreData.framework; path = System/Library/Frameworks/CoreData.framework; sourceTree = SDKROOT; };
		65FE9F0E172F0D6E00E8E1EF /* reso_sandbox.xcdatamodel */ = {isa = PBXFileReference; lastKnownFileType = wrapper.xcdatamodel; path = reso_sandbox.xcdatamodel; sourceTree = "<group>"; };
/* End PBXFileReference section */

/* Begin PBXFrameworksBuildPhase section */
		651002C115F2E3BA00B38890 /* Frameworks */ = {
			isa = PBXFrameworksBuildPhase;
			buildActionMask = 2147483647;
			files = (
				65FE9F0C172F0CA800E8E1EF /* CoreData.framework in Frameworks */,
				65FE9EBA172EF5BF00E8E1EF /* AudioToolbox.framework in Frameworks */,
				65FE9EBB172EF5BF00E8E1EF /* AVFoundation.framework in Frameworks */,
				65FE9EBC172EF5BF00E8E1EF /* CoreAudio.framework in Frameworks */,
				6510034E15F3F2B000B38890 /* CoreVideo.framework in Frameworks */,
				651002E415F2E5AA00B38890 /* GLKit.framework in Frameworks */,
				651002E215F2E59F00B38890 /* OpenGLES.framework in Frameworks */,
				651002E015F2E59700B38890 /* QuartzCore.framework in Frameworks */,
				65FE9EC2172EFAE400E8E1EF /* libfmodex_iphoneos.a in Frameworks */,
				651002C915F2E3BA00B38890 /* UIKit.framework in Frameworks */,
				651002CB15F2E3BA00B38890 /* Foundation.framework in Frameworks */,
				651002CD15F2E3BA00B38890 /* CoreGraphics.framework in Frameworks */,
			);
			runOnlyForDeploymentPostprocessing = 0;
		};
/* End PBXFrameworksBuildPhase section */

/* Begin PBXGroup section */
		651002B915F2E3BA00B38890 = {
			isa = PBXGroup;
			children = (
				65A2B6F71721CEBA00404340 /* reso_sandbox */,
				651002C715F2E3BA00B38890 /* Frameworks */,
				651002C515F2E3BA00B38890 /* Products */,
			);
			sourceTree = "<group>";
		};
		651002C515F2E3BA00B38890 /* Products */ = {
			isa = PBXGroup;
			children = (
				651002C415F2E3BA00B38890 /* reso_sandbox.app */,
			);
			name = Products;
			sourceTree = "<group>";
		};
		651002C715F2E3BA00B38890 /* Frameworks */ = {
			isa = PBXGroup;
			children = (
				65FE9F0B172F0CA800E8E1EF /* CoreData.framework */,
				65FE9EC1172EFAE400E8E1EF /* libfmodex_iphoneos.a */,
				65FE9EB7172EF5BE00E8E1EF /* AudioToolbox.framework */,
				65FE9EB8172EF5BE00E8E1EF /* AVFoundation.framework */,
				65FE9EB9172EF5BF00E8E1EF /* CoreAudio.framework */,
				6510034D15F3F2B000B38890 /* CoreVideo.framework */,
				651002E315F2E5AA00B38890 /* GLKit.framework */,
				651002E115F2E59F00B38890 /* OpenGLES.framework */,
				651002DF15F2E59700B38890 /* QuartzCore.framework */,
				651002C815F2E3BA00B38890 /* UIKit.framework */,
				651002CA15F2E3BA00B38890 /* Foundation.framework */,
				651002CC15F2E3BA00B38890 /* CoreGraphics.framework */,
			);
			name = Frameworks;
			sourceTree = "<group>";
		};
		65A2B6F71721CEBA00404340 /* reso_sandbox */ = {
			isa = PBXGroup;
			children = (
				65FE9F0D172F0D6E00E8E1EF /* reso_sandbox.xcdatamodeld */,
				65FE9ED6172F03AF00E8E1EF /* resources */,
				65FE9ED8172F049A00E8E1EF /* sound_engine */,
				65FE9ECD172EFC6B00E8E1EF /* ResoSoundViewController.xib */,
				65FE9ED7172F043E00E8E1EF /* support */,
				65A2B7061721CEBA00404340 /* ResoAppDelegate.h */,
				65A2B7071721CEBA00404340 /* ResoAppDelegate.mm */,
				65A2B7081721CEBA00404340 /* ResoTypes.h */,
				65A2B7091721CEBA00404340 /* ResoUiViewController.h */,
				65A2B70A1721CEBA00404340 /* ResoUiViewController.mm */,
				65FE9ED9172F08F800E8E1EF /* visualizer */,
				65D4092F172DB09B00026905 /* ResoSlider.h */,
				65D40930172DB09B00026905 /* ResoSlider.mm */,
				65FE9EB1172EE35200E8E1EF /* ResoPortalViewController.h */,
				65FE9EB2172EE35200E8E1EF /* ResoPortalViewController.mm */,
				65FE9EB4172EE39500E8E1EF /* ResoSoundViewController.h */,
				65FE9EB5172EE39500E8E1EF /* ResoSoundViewController.mm */,
				65FE9EDA172F097300E8E1EF /* ResoDataViewController.h */,
				65FE9EDB172F097300E8E1EF /* ResoDataViewController.m */,
				65C153011731E3F80082897E /* ResoSoundManager.h */,
				65C153021731E3F80082897E /* ResoSoundManager.m */,
			);
			path = reso_sandbox;
			sourceTree = "<group>";
		};
		65FE9ED6172F03AF00E8E1EF /* resources */ = {
			isa = PBXGroup;
			children = (
				65FE9ED2172F009C00E8E1EF /* drumloop.wav */,
				65FE9ED3172F009D00E8E1EF /* swish.wav */,
				65007A571729939C000FBFA5 /* reso_galaxy_blur.png */,
				65007A581729939C000FBFA5 /* reso_galaxy.png */,
				65B111631728F00400E81BDF /* reso_space_blur.jpg */,
				65B111641728F00400E81BDF /* reso_space.jpg */,
				659E4DA21722378E00B3D32D /* pattern_blue_blur.jpg */,
				659E4DA31722378E00B3D32D /* pattern_blue.jpg */,
				659E4D07172233E400B3D32D /* nebula_blue_blur.jpg */,
				659E4D08172233E400B3D32D /* nebula_blue.jpg */,
				659E4D09172233E400B3D32D /* nebula_orange_blur.jpg */,
				659E4D0A172233E400B3D32D /* nebula_orange.jpg */,
				659E4D0317222D6B00B3D32D /* iphone5_sitf_blur.jpg */,
				659E4D0417222D6B00B3D32D /* iphone5_sitf.jpg */,
				65A2B6FA1721CEBA00404340 /* k-blur@2.jpg */,
				65A2B6FB1721CEBA00404340 /* k@2.jpg */,
				65A2B6FE1721CEBA00404340 /* oceanblue-blur@2.jpg */,
				65A2B6FF1721CEBA00404340 /* oceanblue@2.jpg */,
				65A2B7001721CEBA00404340 /* pink-blossoms-blur@2.jpg */,
				65A2B7011721CEBA00404340 /* pink-blossoms@2.jpg */,
				65A2B7021721CEBA00404340 /* ranier-snow-blur@2.jpg */,
				65A2B7031721CEBA00404340 /* ranier-snow@2.jpg */,
				65A2B70F1721CEBA00404340 /* space-blur@2.png */,
				65A2B7101721CEBA00404340 /* space.png */,
				65A2B7111721CEBA00404340 /* space@2.png */,
				65A2B7121721CEBA00404340 /* starlight-blur@2.jpg */,
				65A2B7131721CEBA00404340 /* starlight@2.jpg */,
				65A2B7141721CEBA00404340 /* sunflower-blur@2.jpg */,
				65A2B7151721CEBA00404340 /* sunflower@2.jpg */,
				65A2B7161721CEBA00404340 /* waterfall-blur@2.png */,
				65A2B7171721CEBA00404340 /* waterfall.png */,
				65A2B7181721CEBA00404340 /* waterfall@2.png */,
			);
			name = resources;
			sourceTree = "<group>";
		};
		65FE9ED7172F043E00E8E1EF /* support */ = {
			isa = PBXGroup;
			children = (
				65EADA0A1703F784007CB200 /* Default-568h@2x.png */,
				65A2B6F81721CEBA00404340 /* InfoPlist.strings */,
				65A2B6FC1721CEBA00404340 /* main.m */,
				65A2B7041721CEBA00404340 /* reso_sandbox-Info.plist */,
				65A2B7051721CEBA00404340 /* reso_sandbox-Prefix.pch */,
			);
			name = support;
			sourceTree = "<group>";
		};
		65FE9ED8172F049A00E8E1EF /* sound_engine */ = {
			isa = PBXGroup;
			children = (
				65FE9EC3172EFC6900E8E1EF /* FMODSound.h */,
				65FE9EC4172EFC6900E8E1EF /* FMODSound.mm */,
				65FE9EC5172EFC6900E8E1EF /* FMODSoundEngine.h */,
				65FE9EC6172EFC6A00E8E1EF /* FMODSoundEngine.mm */,
				65FE9EC7172EFC6A00E8E1EF /* FMODTone.h */,
				65FE9EC8172EFC6A00E8E1EF /* FMODTone.mm */,
				65FE9EC9172EFC6A00E8E1EF /* IRecorder.h */,
				65FE9ECA172EFC6A00E8E1EF /* ISound.h */,
				65FE9ECB172EFC6B00E8E1EF /* ISoundEngine.h */,
				65FE9ECC172EFC6B00E8E1EF /* ITone.h */,
			);
			name = sound_engine;
			sourceTree = "<group>";
		};
		65FE9ED9172F08F800E8E1EF /* visualizer */ = {
			isa = PBXGroup;
			children = (
				652C3A951721D35100D585D0 /* Shader.vsh */,
				652C3A941721D35100D585D0 /* Shader.fsh */,
				65A2B70B1721CEBA00404340 /* RippleModel.h */,
				65A2B70C1721CEBA00404340 /* RippleModel.mm */,
			);
			name = visualizer;
			sourceTree = "<group>";
		};
/* End PBXGroup section */

/* Begin PBXNativeTarget section */
		651002C315F2E3BA00B38890 /* reso_sandbox */ = {
			isa = PBXNativeTarget;
			buildConfigurationList = 651002DC15F2E3BA00B38890 /* Build configuration list for PBXNativeTarget "reso_sandbox" */;
			buildPhases = (
				651002C015F2E3BA00B38890 /* Sources */,
				651002C115F2E3BA00B38890 /* Frameworks */,
				651002C215F2E3BA00B38890 /* Resources */,
			);
			buildRules = (
			);
			dependencies = (
			);
			name = reso_sandbox;
			productName = reso_sandbox;
			productReference = 651002C415F2E3BA00B38890 /* reso_sandbox.app */;
			productType = "com.apple.product-type.application";
		};
/* End PBXNativeTarget section */

/* Begin PBXProject section */
		651002BB15F2E3BA00B38890 /* Project object */ = {
			isa = PBXProject;
			attributes = {
				CLASSPREFIX = RESO;
				LastUpgradeCheck = 0460;
				ORGANIZATIONNAME = "Monomyth Software";
			};
			buildConfigurationList = 651002BE15F2E3BA00B38890 /* Build configuration list for PBXProject "reso_sandbox" */;
			compatibilityVersion = "Xcode 3.2";
			developmentRegion = English;
			hasScannedForEncodings = 0;
			knownRegions = (
				en,
			);
			mainGroup = 651002B915F2E3BA00B38890;
			productRefGroup = 651002C515F2E3BA00B38890 /* Products */;
			projectDirPath = "";
			projectRoot = "";
			targets = (
				651002C315F2E3BA00B38890 /* reso_sandbox */,
			);
		};
/* End PBXProject section */

/* Begin PBXResourcesBuildPhase section */
		651002C215F2E3BA00B38890 /* Resources */ = {
			isa = PBXResourcesBuildPhase;
			buildActionMask = 2147483647;
			files = (
				652C3A981721D44A00D585D0 /* Shader.fsh in Resources */,
				652C3A991721D44A00D585D0 /* Shader.vsh in Resources */,
				65EADA0B1703F784007CB200 /* Default-568h@2x.png in Resources */,
				65A2B7191721CEBA00404340 /* InfoPlist.strings in Resources */,
				65A2B71A1721CEBA00404340 /* k-blur@2.jpg in Resources */,
				65A2B71B1721CEBA00404340 /* k@2.jpg in Resources */,
				65A2B71E1721CEBA00404340 /* oceanblue-blur@2.jpg in Resources */,
				65A2B71F1721CEBA00404340 /* oceanblue@2.jpg in Resources */,
				65A2B7201721CEBA00404340 /* pink-blossoms-blur@2.jpg in Resources */,
				65A2B7211721CEBA00404340 /* pink-blossoms@2.jpg in Resources */,
				65A2B7221721CEBA00404340 /* ranier-snow-blur@2.jpg in Resources */,
				65A2B7231721CEBA00404340 /* ranier-snow@2.jpg in Resources */,
				65A2B72A1721CEBA00404340 /* space-blur@2.png in Resources */,
				65A2B72B1721CEBA00404340 /* space.png in Resources */,
				65A2B72C1721CEBA00404340 /* space@2.png in Resources */,
				65A2B72D1721CEBA00404340 /* starlight-blur@2.jpg in Resources */,
				65A2B72E1721CEBA00404340 /* starlight@2.jpg in Resources */,
				65A2B72F1721CEBA00404340 /* sunflower-blur@2.jpg in Resources */,
				65A2B7301721CEBA00404340 /* sunflower@2.jpg in Resources */,
				65A2B7311721CEBA00404340 /* waterfall-blur@2.png in Resources */,
				65A2B7321721CEBA00404340 /* waterfall.png in Resources */,
				65A2B7331721CEBA00404340 /* waterfall@2.png in Resources */,
				659E4D0517222D6B00B3D32D /* iphone5_sitf_blur.jpg in Resources */,
				659E4D0617222D6B00B3D32D /* iphone5_sitf.jpg in Resources */,
				659E4D0B172233E400B3D32D /* nebula_blue_blur.jpg in Resources */,
				659E4D0C172233E400B3D32D /* nebula_blue.jpg in Resources */,
				659E4D0D172233E400B3D32D /* nebula_orange_blur.jpg in Resources */,
				659E4D0E172233E400B3D32D /* nebula_orange.jpg in Resources */,
				659E4DA41722378E00B3D32D /* pattern_blue_blur.jpg in Resources */,
				659E4DA51722378E00B3D32D /* pattern_blue.jpg in Resources */,
				65B111651728F00400E81BDF /* reso_space_blur.jpg in Resources */,
				65B111661728F00400E81BDF /* reso_space.jpg in Resources */,
				65007A591729939C000FBFA5 /* reso_galaxy_blur.png in Resources */,
				65007A5A1729939C000FBFA5 /* reso_galaxy.png in Resources */,
				65FE9ED1172EFC6B00E8E1EF /* ResoSoundViewController.xib in Resources */,
				65FE9ED4172F009D00E8E1EF /* drumloop.wav in Resources */,
				65FE9ED5172F009D00E8E1EF /* swish.wav in Resources */,
			);
			runOnlyForDeploymentPostprocessing = 0;
		};
/* End PBXResourcesBuildPhase section */

/* Begin PBXSourcesBuildPhase section */
		651002C015F2E3BA00B38890 /* Sources */ = {
			isa = PBXSourcesBuildPhase;
			buildActionMask = 2147483647;
			files = (
				65A2B71C1721CEBA00404340 /* main.m in Sources */,
				65A2B7251721CEBA00404340 /* ResoAppDelegate.mm in Sources */,
				65A2B7261721CEBA00404340 /* ResoUiViewController.mm in Sources */,
				65A2B7271721CEBA00404340 /* RippleModel.mm in Sources */,
				65D40931172DB09B00026905 /* ResoSlider.mm in Sources */,
				65FE9EB3172EE35200E8E1EF /* ResoPortalViewController.mm in Sources */,
				65FE9EB6172EE39500E8E1EF /* ResoSoundViewController.mm in Sources */,
				65FE9ECE172EFC6B00E8E1EF /* FMODSound.mm in Sources */,
				65FE9ECF172EFC6B00E8E1EF /* FMODSoundEngine.mm in Sources */,
				65FE9ED0172EFC6B00E8E1EF /* FMODTone.mm in Sources */,
				65FE9EDC172F097300E8E1EF /* ResoDataViewController.m in Sources */,
				65FE9F0F172F0D6E00E8E1EF /* reso_sandbox.xcdatamodeld in Sources */,
				65C153031731E3F90082897E /* ResoSoundManager.m in Sources */,
			);
			runOnlyForDeploymentPostprocessing = 0;
		};
/* End PBXSourcesBuildPhase section */

/* Begin PBXVariantGroup section */
		65A2B6F81721CEBA00404340 /* InfoPlist.strings */ = {
			isa = PBXVariantGroup;
			children = (
				65A2B6F91721CEBA00404340 /* en */,
			);
			name = InfoPlist.strings;
			sourceTree = "<group>";
		};
/* End PBXVariantGroup section */

/* Begin XCBuildConfiguration section */
		651002DA15F2E3BA00B38890 /* Debug */ = {
			isa = XCBuildConfiguration;
			buildSettings = {
				ALWAYS_SEARCH_USER_PATHS = NO;
				ARCHS = "$(ARCHS_STANDARD_32_BIT)";
				CLANG_CXX_LANGUAGE_STANDARD = "gnu++0x";
				CLANG_ENABLE_OBJC_ARC = YES;
				CLANG_WARN_CONSTANT_CONVERSION = YES;
				CLANG_WARN_ENUM_CONVERSION = YES;
				CLANG_WARN_INT_CONVERSION = YES;
				CLANG_WARN__DUPLICATE_METHOD_MATCH = YES;
				"CODE_SIGN_IDENTITY[sdk=iphoneos*]" = "iPhone Developer";
				COPY_PHASE_STRIP = NO;
				GCC_C_LANGUAGE_STANDARD = gnu99;
				GCC_DYNAMIC_NO_PIC = NO;
				GCC_OPTIMIZATION_LEVEL = 0;
				GCC_PREPROCESSOR_DEFINITIONS = (
					"DEBUG=1",
					"$(inherited)",
				);
				GCC_SYMBOLS_PRIVATE_EXTERN = NO;
				GCC_VERSION = com.apple.compilers.llvm.clang.1_0;
				GCC_WARN_ABOUT_RETURN_TYPE = YES;
				GCC_WARN_UNINITIALIZED_AUTOS = YES;
				GCC_WARN_UNUSED_VARIABLE = YES;
				INFOPLIST_FILE = "reso_sandbox/reso_sandbox-Info.plist";
				"INFOPLIST_FILE[sdk=*]" = "reso_sandbox/reso_sandbox-Info.plist";
				IPHONEOS_DEPLOYMENT_TARGET = 5.1;
				SDKROOT = iphoneos;
			};
			name = Debug;
		};
		651002DB15F2E3BA00B38890 /* Release */ = {
			isa = XCBuildConfiguration;
			buildSettings = {
				ALWAYS_SEARCH_USER_PATHS = NO;
				ARCHS = "$(ARCHS_STANDARD_32_BIT)";
				CLANG_CXX_LANGUAGE_STANDARD = "gnu++0x";
				CLANG_ENABLE_OBJC_ARC = YES;
				CLANG_WARN_CONSTANT_CONVERSION = YES;
				CLANG_WARN_ENUM_CONVERSION = YES;
				CLANG_WARN_INT_CONVERSION = YES;
				CLANG_WARN__DUPLICATE_METHOD_MATCH = YES;
				"CODE_SIGN_IDENTITY[sdk=iphoneos*]" = "iPhone Developer";
				COPY_PHASE_STRIP = YES;
				GCC_C_LANGUAGE_STANDARD = gnu99;
				GCC_VERSION = com.apple.compilers.llvm.clang.1_0;
				GCC_WARN_ABOUT_RETURN_TYPE = YES;
				GCC_WARN_UNINITIALIZED_AUTOS = YES;
				GCC_WARN_UNUSED_VARIABLE = YES;
				INFOPLIST_FILE = "reso_sandbox/reso_sandbox-Info.plist";
				IPHONEOS_DEPLOYMENT_TARGET = 5.1;
				OTHER_CFLAGS = "-DNS_BLOCK_ASSERTIONS=1";
				SDKROOT = iphoneos;
				VALIDATE_PRODUCT = YES;
			};
			name = Release;
		};
		651002DD15F2E3BA00B38890 /* Debug */ = {
			isa = XCBuildConfiguration;
			buildSettings = {
				CODE_SIGN_IDENTITY = "iPhone Developer: William Stepp (3CUFZE35KR)";
				"CODE_SIGN_IDENTITY[sdk=iphoneos*]" = "iPhone Developer: William Stepp (3CUFZE35KR)";
				GCC_PRECOMPILE_PREFIX_HEADER = YES;
				GCC_PREFIX_HEADER = "reso_sandbox/reso_sandbox-Prefix.pch";
				HEADER_SEARCH_PATHS = "../../../../../Library/FMOD/api/inc/**";
				INFOPLIST_FILE = "reso_sandbox/reso_sandbox-Info.plist";
				LIBRARY_SEARCH_PATHS = (
					"$(inherited)",
					"\"$(SRCROOT)/../../../../../Library/FMOD/api/lib\"",
					"../../../../../Library/FMOD/api/lib/**",
				);
				"OTHER_LDFLAGS[arch=armv7]" = "-lfmodex_iphoneos";
				"OTHER_LDFLAGS[sdk=iphonesimulator*]" = "-lfmodex_iphonesimulator";
				PRODUCT_NAME = reso_sandbox;
				PROVISIONING_PROFILE = "";
				"PROVISIONING_PROFILE[sdk=iphoneos*]" = "";
				WRAPPER_EXTENSION = app;
			};
			name = Debug;
		};
		651002DE15F2E3BA00B38890 /* Release */ = {
			isa = XCBuildConfiguration;
			buildSettings = {
				CODE_SIGN_IDENTITY = "iPhone Developer: William Stepp (3CUFZE35KR)";
				"CODE_SIGN_IDENTITY[sdk=iphoneos*]" = "iPhone Developer: William Stepp (3CUFZE35KR)";
				GCC_PRECOMPILE_PREFIX_HEADER = YES;
				GCC_PREFIX_HEADER = "reso_sandbox/reso_sandbox-Prefix.pch";
				HEADER_SEARCH_PATHS = "../../../../../Library/FMOD/api/inc/**";
				INFOPLIST_FILE = "reso_sandbox/reso_sandbox-Info.plist";
				LIBRARY_SEARCH_PATHS = (
					"$(inherited)",
					"\"$(SRCROOT)/../../../../../Library/FMOD/api/lib\"",
					"../../../../../Library/FMOD/api/lib/**",
				);
				OTHER_LDFLAGS = "";
				"OTHER_LDFLAGS[arch=*]" = "-lfmodex_iphoneos";
				PRODUCT_NAME = reso_sandbox;
				PROVISIONING_PROFILE = "";
				"PROVISIONING_PROFILE[sdk=iphoneos*]" = "";
				WRAPPER_EXTENSION = app;
			};
			name = Release;
		};
/* End XCBuildConfiguration section */

/* Begin XCConfigurationList section */
		651002BE15F2E3BA00B38890 /* Build configuration list for PBXProject "reso_sandbox" */ = {
			isa = XCConfigurationList;
			buildConfigurations = (
				651002DA15F2E3BA00B38890 /* Debug */,
				651002DB15F2E3BA00B38890 /* Release */,
			);
			defaultConfigurationIsVisible = 0;
			defaultConfigurationName = Release;
		};
		651002DC15F2E3BA00B38890 /* Build configuration list for PBXNativeTarget "reso_sandbox" */ = {
			isa = XCConfigurationList;
			buildConfigurations = (
				651002DD15F2E3BA00B38890 /* Debug */,
				651002DE15F2E3BA00B38890 /* Release */,
			);
			defaultConfigurationIsVisible = 0;
			defaultConfigurationName = Release;
		};
/* End XCConfigurationList section */

/* Begin XCVersionGroup section */
		65FE9F0D172F0D6E00E8E1EF /* reso_sandbox.xcdatamodeld */ = {
			isa = XCVersionGroup;
			children = (
				65FE9F0E172F0D6E00E8E1EF /* reso_sandbox.xcdatamodel */,
			);
			currentVersion = 65FE9F0E172F0D6E00E8E1EF /* reso_sandbox.xcdatamodel */;
			path = reso_sandbox.xcdatamodeld;
			sourceTree = SOURCE_ROOT;
			versionGroupType = wrapper.xcdatamodel;
		};
/* End XCVersionGroup section */
	};
	rootObject = 651002BB15F2E3BA00B38890 /* Project object */;
}
