// !$*UTF8*$!
{
	archiveVersion = 1;
	classes = {
	};
	objectVersion = 46;
	objects = {

/* Begin PBXBuildFile section */
		65029CC51763CFC70009B331 /* reso-bg-blur@2.jpg in Resources */ = {isa = PBXBuildFile; fileRef = 65029CC31763CFC70009B331 /* reso-bg-blur@2.jpg */; };
		65029CC61763CFC70009B331 /* reso-bg@2.jpg in Resources */ = {isa = PBXBuildFile; fileRef = 65029CC41763CFC70009B331 /* reso-bg@2.jpg */; };
		650CF788175E616C0093BC83 /* icon-menu-small.png in Resources */ = {isa = PBXBuildFile; fileRef = 650CF787175E616C0093BC83 /* icon-menu-small.png */; };
		650CF78C175E63D10093BC83 /* icon-visual-small.png in Resources */ = {isa = PBXBuildFile; fileRef = 650CF78B175E63D10093BC83 /* icon-visual-small.png */; };
		650CF798175E7C790093BC83 /* ResoMediaTransfer.mm in Sources */ = {isa = PBXBuildFile; fileRef = 650CF78F175E7C790093BC83 /* ResoMediaTransfer.mm */; };
		650CF799175E7C790093BC83 /* ResoMediaTransferItem.mm in Sources */ = {isa = PBXBuildFile; fileRef = 650CF791175E7C790093BC83 /* ResoMediaTransferItem.mm */; };
		650CF79A175E7C790093BC83 /* ResoMediaTransferManager.mm in Sources */ = {isa = PBXBuildFile; fileRef = 650CF793175E7C790093BC83 /* ResoMediaTransferManager.mm */; };
		650CF79B175E7C790093BC83 /* ResoMediaTransferQueue.mm in Sources */ = {isa = PBXBuildFile; fileRef = 650CF795175E7C790093BC83 /* ResoMediaTransferQueue.mm */; };
		650CF79C175E7C790093BC83 /* ResoUrlConnection.mm in Sources */ = {isa = PBXBuildFile; fileRef = 650CF797175E7C790093BC83 /* ResoUrlConnection.mm */; };
		650CF7AA175E7CBC0093BC83 /* ioapi.c in Sources */ = {isa = PBXBuildFile; fileRef = 650CF7A0175E7CBC0093BC83 /* ioapi.c */; };
		650CF7AB175E7CBC0093BC83 /* mztools.c in Sources */ = {isa = PBXBuildFile; fileRef = 650CF7A2175E7CBC0093BC83 /* mztools.c */; };
		650CF7AC175E7CBC0093BC83 /* unzip.c in Sources */ = {isa = PBXBuildFile; fileRef = 650CF7A4175E7CBC0093BC83 /* unzip.c */; };
		650CF7AD175E7CBC0093BC83 /* zip.c in Sources */ = {isa = PBXBuildFile; fileRef = 650CF7A6175E7CBC0093BC83 /* zip.c */; };
		650CF7AE175E7CBC0093BC83 /* SSZipArchive.mm in Sources */ = {isa = PBXBuildFile; fileRef = 650CF7A9175E7CBC0093BC83 /* SSZipArchive.mm */; };
		650CF7B1175E7D250093BC83 /* NSMutableArray+QueueAdditions.mm in Sources */ = {isa = PBXBuildFile; fileRef = 650CF7B0175E7D250093BC83 /* NSMutableArray+QueueAdditions.mm */; };
		651475AA1760C3D700A3DBDA /* ResoModuleDeviceListViewController.mm in Sources */ = {isa = PBXBuildFile; fileRef = 651475A91760C3D700A3DBDA /* ResoModuleDeviceListViewController.mm */; };
		65440EE6175B9DBB00B9AAF1 /* libfmodex_iphoneos.a in Frameworks */ = {isa = PBXBuildFile; fileRef = 65440EE5175B9DBB00B9AAF1 /* libfmodex_iphoneos.a */; };
		65440EE8175B9F2500B9AAF1 /* libz.dylib in Frameworks */ = {isa = PBXBuildFile; fileRef = 65440EE7175B9F2500B9AAF1 /* libz.dylib */; };
		65440EEB175B9F5D00B9AAF1 /* AudioToolbox.framework in Frameworks */ = {isa = PBXBuildFile; fileRef = 65440EE9175B9F5D00B9AAF1 /* AudioToolbox.framework */; };
		65440EEC175B9F5D00B9AAF1 /* CoreAudio.framework in Frameworks */ = {isa = PBXBuildFile; fileRef = 65440EEA175B9F5D00B9AAF1 /* CoreAudio.framework */; };
		65440EEF175BB9B700B9AAF1 /* ResoFileManager.mm in Sources */ = {isa = PBXBuildFile; fileRef = 65440EEE175BB9B700B9AAF1 /* ResoFileManager.mm */; };
		654E4E14174ACAEE00389576 /* ResoPondViewController.mm in Sources */ = {isa = PBXBuildFile; fileRef = 654E4E13174ACAEE00389576 /* ResoPondViewController.mm */; };
		65529120175E31DD00CA1C95 /* icon-mix-small.png in Resources */ = {isa = PBXBuildFile; fileRef = 6552911F175E31DD00CA1C95 /* icon-mix-small.png */; };
		65529122175E31E800CA1C95 /* icon-clock-small.png in Resources */ = {isa = PBXBuildFile; fileRef = 65529121175E31E800CA1C95 /* icon-clock-small.png */; };
		65529124175E350400CA1C95 /* icon-chevron-right-small.png in Resources */ = {isa = PBXBuildFile; fileRef = 65529123175E350400CA1C95 /* icon-chevron-right-small.png */; };
		65529126175E351000CA1C95 /* icon-chevron-left-small.png in Resources */ = {isa = PBXBuildFile; fileRef = 65529125175E351000CA1C95 /* icon-chevron-left-small.png */; };
		65529128175E351900CA1C95 /* icon-play-small.png in Resources */ = {isa = PBXBuildFile; fileRef = 65529127175E351900CA1C95 /* icon-play-small.png */; };
		6577FD4F175EE27900E435D6 /* reso-icon-117.png in Resources */ = {isa = PBXBuildFile; fileRef = 6577FD4E175EE27900E435D6 /* reso-icon-117.png */; };
		6577FD51175EE27D00E435D6 /* reso-icon-57.png in Resources */ = {isa = PBXBuildFile; fileRef = 6577FD50175EE27D00E435D6 /* reso-icon-57.png */; };
		657B42E6174E80DE00350854 /* ResoModuleManager.mm in Sources */ = {isa = PBXBuildFile; fileRef = 657B42E5174E80DE00350854 /* ResoModuleManager.mm */; };
		657B42E9174E80F000350854 /* ResoModule.mm in Sources */ = {isa = PBXBuildFile; fileRef = 657B42E8174E80F000350854 /* ResoModule.mm */; };
		657B42F1174E835300350854 /* FMODSoundEngine.mm in Sources */ = {isa = PBXBuildFile; fileRef = 657B42F0174E835300350854 /* FMODSoundEngine.mm */; };
		657B42F4174E9CE000350854 /* FMODSound.mm in Sources */ = {isa = PBXBuildFile; fileRef = 657B42F3174E9CE000350854 /* FMODSound.mm */; };
		657B42F7174E9CF600350854 /* FMODTone.mm in Sources */ = {isa = PBXBuildFile; fileRef = 657B42F6174E9CF600350854 /* FMODTone.mm */; };
		657B42FA174F0D8F00350854 /* ResoSlider.mm in Sources */ = {isa = PBXBuildFile; fileRef = 657B42F9174F0D8F00350854 /* ResoSlider.mm */; };
		6582E7D5175CF1920077A7CF /* pink-blossoms-blur@2.jpg in Resources */ = {isa = PBXBuildFile; fileRef = 6582E7D3175CF1920077A7CF /* pink-blossoms-blur@2.jpg */; };
		6582E7D6175CF1920077A7CF /* pink-blossoms@2.jpg in Resources */ = {isa = PBXBuildFile; fileRef = 6582E7D4175CF1920077A7CF /* pink-blossoms@2.jpg */; };
		6582E7D9175CF1C70077A7CF /* pattern-blue-blur@2.jpg in Resources */ = {isa = PBXBuildFile; fileRef = 6582E7D7175CF1C70077A7CF /* pattern-blue-blur@2.jpg */; };
		6582E7DA175CF1C70077A7CF /* pattern-blue@2.jpg in Resources */ = {isa = PBXBuildFile; fileRef = 6582E7D8175CF1C70077A7CF /* pattern-blue@2.jpg */; };
		6582E7DD175CF1D60077A7CF /* k-blur@2.jpg in Resources */ = {isa = PBXBuildFile; fileRef = 6582E7DB175CF1D60077A7CF /* k-blur@2.jpg */; };
		6582E7DE175CF1D60077A7CF /* k@2.jpg in Resources */ = {isa = PBXBuildFile; fileRef = 6582E7DC175CF1D60077A7CF /* k@2.jpg */; };
		6582E7E1175CF1F80077A7CF /* nebula-blue-blur@2.jpg in Resources */ = {isa = PBXBuildFile; fileRef = 6582E7DF175CF1F80077A7CF /* nebula-blue-blur@2.jpg */; };
		6582E7E2175CF1F80077A7CF /* nebula-blue@2.jpg in Resources */ = {isa = PBXBuildFile; fileRef = 6582E7E0175CF1F80077A7CF /* nebula-blue@2.jpg */; };
		6582E7E5175CF2C60077A7CF /* sr-blur@2.jpg in Resources */ = {isa = PBXBuildFile; fileRef = 6582E7E3175CF2C60077A7CF /* sr-blur@2.jpg */; };
		6582E7E6175CF2C60077A7CF /* sr@2.jpg in Resources */ = {isa = PBXBuildFile; fileRef = 6582E7E4175CF2C60077A7CF /* sr@2.jpg */; };
		6582E7E9175CF2F20077A7CF /* wt-blur@2.jpg in Resources */ = {isa = PBXBuildFile; fileRef = 6582E7E7175CF2F20077A7CF /* wt-blur@2.jpg */; };
		6582E7EA175CF2F20077A7CF /* wt@2.jpg in Resources */ = {isa = PBXBuildFile; fileRef = 6582E7E8175CF2F20077A7CF /* wt@2.jpg */; };
		6582E7ED175CF3210077A7CF /* ssb-blur@2.jpg in Resources */ = {isa = PBXBuildFile; fileRef = 6582E7EB175CF3210077A7CF /* ssb-blur@2.jpg */; };
		6582E7EE175CF3210077A7CF /* ssb@2.jpg in Resources */ = {isa = PBXBuildFile; fileRef = 6582E7EC175CF3210077A7CF /* ssb@2.jpg */; };
		6582E7F1175CF3530077A7CF /* ct-blur@2.jpg in Resources */ = {isa = PBXBuildFile; fileRef = 6582E7EF175CF3530077A7CF /* ct-blur@2.jpg */; };
		6582E7F2175CF3530077A7CF /* ct@2.jpg in Resources */ = {isa = PBXBuildFile; fileRef = 6582E7F0175CF3530077A7CF /* ct@2.jpg */; };
		6582E7F6175D3DEC0077A7CF /* icon-menu.png in Resources */ = {isa = PBXBuildFile; fileRef = 6582E7F5175D3DEC0077A7CF /* icon-menu.png */; };
		6582E80E175D912D0077A7CF /* icon-plus-small.png in Resources */ = {isa = PBXBuildFile; fileRef = 6582E80D175D912D0077A7CF /* icon-plus-small.png */; };
		6582E814175D99EC0077A7CF /* icon-play-large.png in Resources */ = {isa = PBXBuildFile; fileRef = 6582E813175D99EC0077A7CF /* icon-play-large.png */; };
		6582E816175D9D390077A7CF /* icon-pause-large.png in Resources */ = {isa = PBXBuildFile; fileRef = 6582E815175D9D390077A7CF /* icon-pause-large.png */; };
		658730B6174AC90D00D2B03E /* UIKit.framework in Frameworks */ = {isa = PBXBuildFile; fileRef = 658730B5174AC90D00D2B03E /* UIKit.framework */; };
		658730B8174AC90D00D2B03E /* Foundation.framework in Frameworks */ = {isa = PBXBuildFile; fileRef = 658730B7174AC90D00D2B03E /* Foundation.framework */; };
		658730BA174AC90D00D2B03E /* CoreGraphics.framework in Frameworks */ = {isa = PBXBuildFile; fileRef = 658730B9174AC90D00D2B03E /* CoreGraphics.framework */; };
		658730BC174AC90D00D2B03E /* CoreData.framework in Frameworks */ = {isa = PBXBuildFile; fileRef = 658730BB174AC90D00D2B03E /* CoreData.framework */; };
		658730C2174AC90D00D2B03E /* InfoPlist.strings in Resources */ = {isa = PBXBuildFile; fileRef = 658730C0174AC90D00D2B03E /* InfoPlist.strings */; };
		658730C4174AC90D00D2B03E /* main.m in Sources */ = {isa = PBXBuildFile; fileRef = 658730C3174AC90D00D2B03E /* main.m */; };
		658730C8174AC90D00D2B03E /* ResoAppDelegate.mm in Sources */ = {isa = PBXBuildFile; fileRef = 658730C7174AC90D00D2B03E /* ResoAppDelegate.mm */; };
		658730CE174AC90D00D2B03E /* Default-568h@2x.png in Resources */ = {isa = PBXBuildFile; fileRef = 658730CD174AC90D00D2B03E /* Default-568h@2x.png */; };
		658730D1174AC90D00D2B03E /* resonance.xcdatamodeld in Sources */ = {isa = PBXBuildFile; fileRef = 658730CF174AC90D00D2B03E /* resonance.xcdatamodeld */; };
		658A0FDB174B1643006E4605 /* ResoVisualViewController.mm in Sources */ = {isa = PBXBuildFile; fileRef = 658A0FDA174B1643006E4605 /* ResoVisualViewController.mm */; };
		658A0FE3174BB20B006E4605 /* RippleModel.mm in Sources */ = {isa = PBXBuildFile; fileRef = 658A0FE0174BB20B006E4605 /* RippleModel.mm */; };
		658A0FE6174BB243006E4605 /* Shader.fsh in Resources */ = {isa = PBXBuildFile; fileRef = 658A0FE1174BB20B006E4605 /* Shader.fsh */; };
		658A0FE7174BB243006E4605 /* Shader.vsh in Resources */ = {isa = PBXBuildFile; fileRef = 658A0FE2174BB20B006E4605 /* Shader.vsh */; };
		658A0FEB174BB377006E4605 /* oceanblue-blur@2.jpg in Resources */ = {isa = PBXBuildFile; fileRef = 658A0FE9174BB377006E4605 /* oceanblue-blur@2.jpg */; };
		658A0FEC174BB377006E4605 /* oceanblue@2.jpg in Resources */ = {isa = PBXBuildFile; fileRef = 658A0FEA174BB377006E4605 /* oceanblue@2.jpg */; };
		658A0FEE174BC1B6006E4605 /* QuartzCore.framework in Frameworks */ = {isa = PBXBuildFile; fileRef = 658A0FED174BC1B6006E4605 /* QuartzCore.framework */; };
		658A0FF0174BC1E9006E4605 /* AVFoundation.framework in Frameworks */ = {isa = PBXBuildFile; fileRef = 658A0FEF174BC1E9006E4605 /* AVFoundation.framework */; };
		658A0FF2174BC1F8006E4605 /* CoreVideo.framework in Frameworks */ = {isa = PBXBuildFile; fileRef = 658A0FF1174BC1F8006E4605 /* CoreVideo.framework */; };
		658A0FF5174C16EC006E4605 /* nebulaorange-blur@2.jpg in Resources */ = {isa = PBXBuildFile; fileRef = 658A0FF3174C16EC006E4605 /* nebulaorange-blur@2.jpg */; };
		658A0FF6174C16EC006E4605 /* nebulaorange@2.jpg in Resources */ = {isa = PBXBuildFile; fileRef = 658A0FF4174C16EC006E4605 /* nebulaorange@2.jpg */; };
		658A0FF9174D1FFC006E4605 /* ResoPlayerWidget.mm in Sources */ = {isa = PBXBuildFile; fileRef = 658A0FF8174D1FFC006E4605 /* ResoPlayerWidget.mm */; };
		658A0FFC174D2036006E4605 /* ResoModuleWidget.mm in Sources */ = {isa = PBXBuildFile; fileRef = 658A0FFB174D2036006E4605 /* ResoModuleWidget.mm */; };
		658A1002174D279D006E4605 /* ResoPanelWidget.mm in Sources */ = {isa = PBXBuildFile; fileRef = 658A1001174D279D006E4605 /* ResoPanelWidget.mm */; };
		658A1005174D6610006E4605 /* ResoMenuViewController.mm in Sources */ = {isa = PBXBuildFile; fileRef = 658A1004174D6610006E4605 /* ResoMenuViewController.mm */; };
		65B4F96A17590E8800A11EF5 /* ResoModuleSettingsViewController.mm in Sources */ = {isa = PBXBuildFile; fileRef = 65B4F96917590E8800A11EF5 /* ResoModuleSettingsViewController.mm */; };
		65B4F96D17590FB200A11EF5 /* ResoModuleTypeViewController.mm in Sources */ = {isa = PBXBuildFile; fileRef = 65B4F96C17590FB200A11EF5 /* ResoModuleTypeViewController.mm */; };
		65B4F9701759102B00A11EF5 /* ResoModuleSoundCategoryViewController.mm in Sources */ = {isa = PBXBuildFile; fileRef = 65B4F96F1759102B00A11EF5 /* ResoModuleSoundCategoryViewController.mm */; };
		65B4F9731759104900A11EF5 /* ResoModuleCloudListViewController.mm in Sources */ = {isa = PBXBuildFile; fileRef = 65B4F9721759104900A11EF5 /* ResoModuleCloudListViewController.mm */; };
		65B4F9761759106300A11EF5 /* ResoModuleSoundDetailsViewController.mm in Sources */ = {isa = PBXBuildFile; fileRef = 65B4F9751759106300A11EF5 /* ResoModuleSoundDetailsViewController.mm */; };
		65B4F9791759192E00A11EF5 /* ResoDataManager.mm in Sources */ = {isa = PBXBuildFile; fileRef = 65B4F9781759192E00A11EF5 /* ResoDataManager.mm */; };
		65B4F97C175919B900A11EF5 /* ResoModuleToneGeneratorViewController.mm in Sources */ = {isa = PBXBuildFile; fileRef = 65B4F97B175919B900A11EF5 /* ResoModuleToneGeneratorViewController.mm */; };
		65B4F97F17591A0A00A11EF5 /* ResoMixListViewController.mm in Sources */ = {isa = PBXBuildFile; fileRef = 65B4F97E17591A0A00A11EF5 /* ResoMixListViewController.mm */; };
		65B4F9861759694A00A11EF5 /* ResoActionBar.mm in Sources */ = {isa = PBXBuildFile; fileRef = 65B4F9851759694A00A11EF5 /* ResoActionBar.mm */; };
		65B4F98D175A87CB00A11EF5 /* ResoAlarmViewController.mm in Sources */ = {isa = PBXBuildFile; fileRef = 65B4F98C175A87C900A11EF5 /* ResoAlarmViewController.mm */; };
		65B4F990175A87DE00A11EF5 /* ResoTimerViewController.mm in Sources */ = {isa = PBXBuildFile; fileRef = 65B4F98F175A87DD00A11EF5 /* ResoTimerViewController.mm */; };
		65B4F993175A9AFC00A11EF5 /* starlight-blur@2.jpg in Resources */ = {isa = PBXBuildFile; fileRef = 65B4F991175A9AFC00A11EF5 /* starlight-blur@2.jpg */; };
		65B4F994175A9AFC00A11EF5 /* starlight@2.jpg in Resources */ = {isa = PBXBuildFile; fileRef = 65B4F992175A9AFC00A11EF5 /* starlight@2.jpg */; };
		65B4F997175A9B1100A11EF5 /* ranier-snow-blur@2.jpg in Resources */ = {isa = PBXBuildFile; fileRef = 65B4F995175A9B1100A11EF5 /* ranier-snow-blur@2.jpg */; };
		65B4F998175A9B1100A11EF5 /* ranier-snow@2.jpg in Resources */ = {isa = PBXBuildFile; fileRef = 65B4F996175A9B1100A11EF5 /* ranier-snow@2.jpg */; };
		65B4F99B175A9BEC00A11EF5 /* sunflower-blur@2.jpg in Resources */ = {isa = PBXBuildFile; fileRef = 65B4F999175A9BEC00A11EF5 /* sunflower-blur@2.jpg */; };
		65B4F99C175A9BEC00A11EF5 /* sunflower@2.jpg in Resources */ = {isa = PBXBuildFile; fileRef = 65B4F99A175A9BEC00A11EF5 /* sunflower@2.jpg */; };
		65B4F99F175AA35500A11EF5 /* reso-space-blur@2.jpg in Resources */ = {isa = PBXBuildFile; fileRef = 65B4F99D175AA35500A11EF5 /* reso-space-blur@2.jpg */; };
		65B4F9A0175AA35500A11EF5 /* reso-space@2.jpg in Resources */ = {isa = PBXBuildFile; fileRef = 65B4F99E175AA35500A11EF5 /* reso-space@2.jpg */; };
		65E06A3B174AD93D00BE68A5 /* ResoPlayerViewController.mm in Sources */ = {isa = PBXBuildFile; fileRef = 65E06A3A174AD93D00BE68A5 /* ResoPlayerViewController.mm */; };
		65E06A3E174ADA5400BE68A5 /* ResoModuleViewController.mm in Sources */ = {isa = PBXBuildFile; fileRef = 65E06A3D174ADA5400BE68A5 /* ResoModuleViewController.mm */; };
		65E06A41174ADA7700BE68A5 /* ResoMixViewController.mm in Sources */ = {isa = PBXBuildFile; fileRef = 65E06A40174ADA7700BE68A5 /* ResoMixViewController.mm */; };
		65E06A44174ADA8B00BE68A5 /* ResoClocksViewController.mm in Sources */ = {isa = PBXBuildFile; fileRef = 65E06A43174ADA8B00BE68A5 /* ResoClocksViewController.mm */; };
		65E06A46174ADF0500BE68A5 /* GLKit.framework in Frameworks */ = {isa = PBXBuildFile; fileRef = 65E06A45174ADF0500BE68A5 /* GLKit.framework */; };
		65E06A48174AE19F00BE68A5 /* OpenGLES.framework in Frameworks */ = {isa = PBXBuildFile; fileRef = 65E06A47174AE19E00BE68A5 /* OpenGLES.framework */; };
/* End PBXBuildFile section */

/* Begin PBXFileReference section */
		65029CC31763CFC70009B331 /* reso-bg-blur@2.jpg */ = {isa = PBXFileReference; lastKnownFileType = image.jpeg; path = "reso-bg-blur@2.jpg"; sourceTree = "<group>"; };
		65029CC41763CFC70009B331 /* reso-bg@2.jpg */ = {isa = PBXFileReference; lastKnownFileType = image.jpeg; path = "reso-bg@2.jpg"; sourceTree = "<group>"; };
		650CF787175E616C0093BC83 /* icon-menu-small.png */ = {isa = PBXFileReference; lastKnownFileType = image.png; path = "icon-menu-small.png"; sourceTree = "<group>"; };
		650CF78B175E63D10093BC83 /* icon-visual-small.png */ = {isa = PBXFileReference; lastKnownFileType = image.png; path = "icon-visual-small.png"; sourceTree = "<group>"; };
		650CF78E175E7C790093BC83 /* ResoMediaTransfer.h */ = {isa = PBXFileReference; fileEncoding = 4; lastKnownFileType = sourcecode.c.h; path = ResoMediaTransfer.h; sourceTree = "<group>"; };
		650CF78F175E7C790093BC83 /* ResoMediaTransfer.mm */ = {isa = PBXFileReference; fileEncoding = 4; lastKnownFileType = sourcecode.cpp.objcpp; path = ResoMediaTransfer.mm; sourceTree = "<group>"; };
		650CF790175E7C790093BC83 /* ResoMediaTransferItem.h */ = {isa = PBXFileReference; fileEncoding = 4; lastKnownFileType = sourcecode.c.h; path = ResoMediaTransferItem.h; sourceTree = "<group>"; };
		650CF791175E7C790093BC83 /* ResoMediaTransferItem.mm */ = {isa = PBXFileReference; fileEncoding = 4; lastKnownFileType = sourcecode.cpp.objcpp; path = ResoMediaTransferItem.mm; sourceTree = "<group>"; };
		650CF792175E7C790093BC83 /* ResoMediaTransferManager.h */ = {isa = PBXFileReference; fileEncoding = 4; lastKnownFileType = sourcecode.c.h; path = ResoMediaTransferManager.h; sourceTree = "<group>"; };
		650CF793175E7C790093BC83 /* ResoMediaTransferManager.mm */ = {isa = PBXFileReference; fileEncoding = 4; lastKnownFileType = sourcecode.cpp.objcpp; path = ResoMediaTransferManager.mm; sourceTree = "<group>"; };
		650CF794175E7C790093BC83 /* ResoMediaTransferQueue.h */ = {isa = PBXFileReference; fileEncoding = 4; lastKnownFileType = sourcecode.c.h; path = ResoMediaTransferQueue.h; sourceTree = "<group>"; };
		650CF795175E7C790093BC83 /* ResoMediaTransferQueue.mm */ = {isa = PBXFileReference; fileEncoding = 4; lastKnownFileType = sourcecode.cpp.objcpp; path = ResoMediaTransferQueue.mm; sourceTree = "<group>"; };
		650CF796175E7C790093BC83 /* ResoUrlConnection.h */ = {isa = PBXFileReference; fileEncoding = 4; lastKnownFileType = sourcecode.c.h; path = ResoUrlConnection.h; sourceTree = "<group>"; };
		650CF797175E7C790093BC83 /* ResoUrlConnection.mm */ = {isa = PBXFileReference; fileEncoding = 4; lastKnownFileType = sourcecode.cpp.objcpp; path = ResoUrlConnection.mm; sourceTree = "<group>"; };
		650CF79F175E7CBC0093BC83 /* crypt.h */ = {isa = PBXFileReference; fileEncoding = 4; lastKnownFileType = sourcecode.c.h; path = crypt.h; sourceTree = "<group>"; };
		650CF7A0175E7CBC0093BC83 /* ioapi.c */ = {isa = PBXFileReference; fileEncoding = 4; lastKnownFileType = sourcecode.c.c; path = ioapi.c; sourceTree = "<group>"; };
		650CF7A1175E7CBC0093BC83 /* ioapi.h */ = {isa = PBXFileReference; fileEncoding = 4; lastKnownFileType = sourcecode.c.h; path = ioapi.h; sourceTree = "<group>"; };
		650CF7A2175E7CBC0093BC83 /* mztools.c */ = {isa = PBXFileReference; fileEncoding = 4; lastKnownFileType = sourcecode.c.c; path = mztools.c; sourceTree = "<group>"; };
		650CF7A3175E7CBC0093BC83 /* mztools.h */ = {isa = PBXFileReference; fileEncoding = 4; lastKnownFileType = sourcecode.c.h; path = mztools.h; sourceTree = "<group>"; };
		650CF7A4175E7CBC0093BC83 /* unzip.c */ = {isa = PBXFileReference; fileEncoding = 4; lastKnownFileType = sourcecode.c.c; path = unzip.c; sourceTree = "<group>"; };
		650CF7A5175E7CBC0093BC83 /* unzip.h */ = {isa = PBXFileReference; fileEncoding = 4; lastKnownFileType = sourcecode.c.h; path = unzip.h; sourceTree = "<group>"; };
		650CF7A6175E7CBC0093BC83 /* zip.c */ = {isa = PBXFileReference; fileEncoding = 4; lastKnownFileType = sourcecode.c.c; path = zip.c; sourceTree = "<group>"; };
		650CF7A7175E7CBC0093BC83 /* zip.h */ = {isa = PBXFileReference; fileEncoding = 4; lastKnownFileType = sourcecode.c.h; path = zip.h; sourceTree = "<group>"; };
		650CF7A8175E7CBC0093BC83 /* SSZipArchive.h */ = {isa = PBXFileReference; fileEncoding = 4; lastKnownFileType = sourcecode.c.h; path = SSZipArchive.h; sourceTree = "<group>"; };
		650CF7A9175E7CBC0093BC83 /* SSZipArchive.mm */ = {isa = PBXFileReference; fileEncoding = 4; lastKnownFileType = sourcecode.cpp.objcpp; path = SSZipArchive.mm; sourceTree = "<group>"; };
		650CF7AF175E7D250093BC83 /* NSMutableArray+QueueAdditions.h */ = {isa = PBXFileReference; fileEncoding = 4; lastKnownFileType = sourcecode.c.h; path = "NSMutableArray+QueueAdditions.h"; sourceTree = "<group>"; };
		650CF7B0175E7D250093BC83 /* NSMutableArray+QueueAdditions.mm */ = {isa = PBXFileReference; fileEncoding = 4; lastKnownFileType = sourcecode.cpp.objcpp; path = "NSMutableArray+QueueAdditions.mm"; sourceTree = "<group>"; };
		651475A81760C3D700A3DBDA /* ResoModuleDeviceListViewController.h */ = {isa = PBXFileReference; fileEncoding = 4; lastKnownFileType = sourcecode.c.h; path = ResoModuleDeviceListViewController.h; sourceTree = "<group>"; };
		651475A91760C3D700A3DBDA /* ResoModuleDeviceListViewController.mm */ = {isa = PBXFileReference; fileEncoding = 4; lastKnownFileType = sourcecode.cpp.objcpp; path = ResoModuleDeviceListViewController.mm; sourceTree = "<group>"; };
		65440EE5175B9DBB00B9AAF1 /* libfmodex_iphoneos.a */ = {isa = PBXFileReference; lastKnownFileType = archive.ar; name = libfmodex_iphoneos.a; path = ../../../../../Library/FMOD/api/lib/libfmodex_iphoneos.a; sourceTree = "<group>"; };
		65440EE7175B9F2500B9AAF1 /* libz.dylib */ = {isa = PBXFileReference; lastKnownFileType = "compiled.mach-o.dylib"; name = libz.dylib; path = usr/lib/libz.dylib; sourceTree = SDKROOT; };
		65440EE9175B9F5D00B9AAF1 /* AudioToolbox.framework */ = {isa = PBXFileReference; lastKnownFileType = wrapper.framework; name = AudioToolbox.framework; path = System/Library/Frameworks/AudioToolbox.framework; sourceTree = SDKROOT; };
		65440EEA175B9F5D00B9AAF1 /* CoreAudio.framework */ = {isa = PBXFileReference; lastKnownFileType = wrapper.framework; name = CoreAudio.framework; path = System/Library/Frameworks/CoreAudio.framework; sourceTree = SDKROOT; };
		65440EED175BB9B700B9AAF1 /* ResoFileManager.h */ = {isa = PBXFileReference; fileEncoding = 4; lastKnownFileType = sourcecode.c.h; path = ResoFileManager.h; sourceTree = "<group>"; };
		65440EEE175BB9B700B9AAF1 /* ResoFileManager.mm */ = {isa = PBXFileReference; fileEncoding = 4; lastKnownFileType = sourcecode.cpp.objcpp; path = ResoFileManager.mm; sourceTree = "<group>"; };
		654E4E11174ACAC400389576 /* IResoVisualization.h */ = {isa = PBXFileReference; fileEncoding = 4; lastKnownFileType = sourcecode.c.h; path = IResoVisualization.h; sourceTree = "<group>"; };
		654E4E12174ACAEE00389576 /* ResoPondViewController.h */ = {isa = PBXFileReference; fileEncoding = 4; lastKnownFileType = sourcecode.c.h; path = ResoPondViewController.h; sourceTree = "<group>"; };
		654E4E13174ACAEE00389576 /* ResoPondViewController.mm */ = {isa = PBXFileReference; fileEncoding = 4; lastKnownFileType = sourcecode.cpp.objcpp; path = ResoPondViewController.mm; sourceTree = "<group>"; };
		6552911F175E31DD00CA1C95 /* icon-mix-small.png */ = {isa = PBXFileReference; lastKnownFileType = image.png; path = "icon-mix-small.png"; sourceTree = "<group>"; };
		65529121175E31E800CA1C95 /* icon-clock-small.png */ = {isa = PBXFileReference; lastKnownFileType = image.png; path = "icon-clock-small.png"; sourceTree = "<group>"; };
		65529123175E350400CA1C95 /* icon-chevron-right-small.png */ = {isa = PBXFileReference; lastKnownFileType = image.png; path = "icon-chevron-right-small.png"; sourceTree = "<group>"; };
		65529125175E351000CA1C95 /* icon-chevron-left-small.png */ = {isa = PBXFileReference; lastKnownFileType = image.png; path = "icon-chevron-left-small.png"; sourceTree = "<group>"; };
		65529127175E351900CA1C95 /* icon-play-small.png */ = {isa = PBXFileReference; lastKnownFileType = image.png; path = "icon-play-small.png"; sourceTree = "<group>"; };
		6577FD4E175EE27900E435D6 /* reso-icon-117.png */ = {isa = PBXFileReference; lastKnownFileType = image.png; path = "reso-icon-117.png"; sourceTree = "<group>"; };
		6577FD50175EE27D00E435D6 /* reso-icon-57.png */ = {isa = PBXFileReference; lastKnownFileType = image.png; path = "reso-icon-57.png"; sourceTree = "<group>"; };
		657B42E4174E80DE00350854 /* ResoModuleManager.h */ = {isa = PBXFileReference; fileEncoding = 4; lastKnownFileType = sourcecode.c.h; path = ResoModuleManager.h; sourceTree = "<group>"; };
		657B42E5174E80DE00350854 /* ResoModuleManager.mm */ = {isa = PBXFileReference; fileEncoding = 4; lastKnownFileType = sourcecode.cpp.objcpp; path = ResoModuleManager.mm; sourceTree = "<group>"; };
		657B42E7174E80F000350854 /* ResoModule.h */ = {isa = PBXFileReference; fileEncoding = 4; lastKnownFileType = sourcecode.c.h; path = ResoModule.h; sourceTree = "<group>"; };
		657B42E8174E80F000350854 /* ResoModule.mm */ = {isa = PBXFileReference; fileEncoding = 4; lastKnownFileType = sourcecode.cpp.objcpp; path = ResoModule.mm; sourceTree = "<group>"; };
		657B42EB174E819100350854 /* ISound.h */ = {isa = PBXFileReference; fileEncoding = 4; lastKnownFileType = sourcecode.c.h; path = ISound.h; sourceTree = "<group>"; };
		657B42EC174E81AE00350854 /* ITone.h */ = {isa = PBXFileReference; fileEncoding = 4; lastKnownFileType = sourcecode.c.h; path = ITone.h; sourceTree = "<group>"; };
		657B42ED174E81BB00350854 /* ISoundEngine.h */ = {isa = PBXFileReference; fileEncoding = 4; lastKnownFileType = sourcecode.c.h; path = ISoundEngine.h; sourceTree = "<group>"; };
		657B42EE174E81D100350854 /* IRecorder.h */ = {isa = PBXFileReference; fileEncoding = 4; lastKnownFileType = sourcecode.c.h; path = IRecorder.h; sourceTree = "<group>"; };
		657B42EF174E835300350854 /* FMODSoundEngine.h */ = {isa = PBXFileReference; fileEncoding = 4; lastKnownFileType = sourcecode.c.h; path = FMODSoundEngine.h; sourceTree = "<group>"; };
		657B42F0174E835300350854 /* FMODSoundEngine.mm */ = {isa = PBXFileReference; fileEncoding = 4; lastKnownFileType = sourcecode.cpp.objcpp; path = FMODSoundEngine.mm; sourceTree = "<group>"; };
		657B42F2174E9CE000350854 /* FMODSound.h */ = {isa = PBXFileReference; fileEncoding = 4; lastKnownFileType = sourcecode.c.h; path = FMODSound.h; sourceTree = "<group>"; };
		657B42F3174E9CE000350854 /* FMODSound.mm */ = {isa = PBXFileReference; fileEncoding = 4; lastKnownFileType = sourcecode.cpp.objcpp; path = FMODSound.mm; sourceTree = "<group>"; };
		657B42F5174E9CF600350854 /* FMODTone.h */ = {isa = PBXFileReference; fileEncoding = 4; lastKnownFileType = sourcecode.c.h; path = FMODTone.h; sourceTree = "<group>"; };
		657B42F6174E9CF600350854 /* FMODTone.mm */ = {isa = PBXFileReference; fileEncoding = 4; lastKnownFileType = sourcecode.cpp.objcpp; path = FMODTone.mm; sourceTree = "<group>"; };
		657B42F8174F0D8F00350854 /* ResoSlider.h */ = {isa = PBXFileReference; fileEncoding = 4; lastKnownFileType = sourcecode.c.h; path = ResoSlider.h; sourceTree = "<group>"; };
		657B42F9174F0D8F00350854 /* ResoSlider.mm */ = {isa = PBXFileReference; fileEncoding = 4; lastKnownFileType = sourcecode.cpp.objcpp; path = ResoSlider.mm; sourceTree = "<group>"; };
		6582E7D3175CF1920077A7CF /* pink-blossoms-blur@2.jpg */ = {isa = PBXFileReference; lastKnownFileType = image.jpeg; name = "pink-blossoms-blur@2.jpg"; path = "../../../../../../Desktop/resonance/pink-blossoms-blur@2.jpg"; sourceTree = "<group>"; };
		6582E7D4175CF1920077A7CF /* pink-blossoms@2.jpg */ = {isa = PBXFileReference; lastKnownFileType = image.jpeg; name = "pink-blossoms@2.jpg"; path = "../../../../../../Desktop/resonance/pink-blossoms@2.jpg"; sourceTree = "<group>"; };
		6582E7D7175CF1C70077A7CF /* pattern-blue-blur@2.jpg */ = {isa = PBXFileReference; lastKnownFileType = image.jpeg; name = "pattern-blue-blur@2.jpg"; path = "../../../../../../Desktop/resonance/pattern-blue-blur@2.jpg"; sourceTree = "<group>"; };
		6582E7D8175CF1C70077A7CF /* pattern-blue@2.jpg */ = {isa = PBXFileReference; lastKnownFileType = image.jpeg; name = "pattern-blue@2.jpg"; path = "../../../../../../Desktop/resonance/pattern-blue@2.jpg"; sourceTree = "<group>"; };
		6582E7DB175CF1D60077A7CF /* k-blur@2.jpg */ = {isa = PBXFileReference; lastKnownFileType = image.jpeg; name = "k-blur@2.jpg"; path = "../../../../../../Desktop/resonance/k-blur@2.jpg"; sourceTree = "<group>"; };
		6582E7DC175CF1D60077A7CF /* k@2.jpg */ = {isa = PBXFileReference; lastKnownFileType = image.jpeg; name = "k@2.jpg"; path = "../../../../../../Desktop/resonance/k@2.jpg"; sourceTree = "<group>"; };
		6582E7DF175CF1F80077A7CF /* nebula-blue-blur@2.jpg */ = {isa = PBXFileReference; lastKnownFileType = image.jpeg; name = "nebula-blue-blur@2.jpg"; path = "../../../../../../Desktop/resonance/nebula-blue-blur@2.jpg"; sourceTree = "<group>"; };
		6582E7E0175CF1F80077A7CF /* nebula-blue@2.jpg */ = {isa = PBXFileReference; lastKnownFileType = image.jpeg; name = "nebula-blue@2.jpg"; path = "../../../../../../Desktop/resonance/nebula-blue@2.jpg"; sourceTree = "<group>"; };
		6582E7E3175CF2C60077A7CF /* sr-blur@2.jpg */ = {isa = PBXFileReference; lastKnownFileType = image.jpeg; name = "sr-blur@2.jpg"; path = "../../../../../../Desktop/resonance/sounds/spring-rainstorm/iphone5/sr-blur@2.jpg"; sourceTree = "<group>"; };
		6582E7E4175CF2C60077A7CF /* sr@2.jpg */ = {isa = PBXFileReference; lastKnownFileType = image.jpeg; name = "sr@2.jpg"; path = "../../../../../../Desktop/resonance/sounds/spring-rainstorm/iphone5/sr@2.jpg"; sourceTree = "<group>"; };
		6582E7E7175CF2F20077A7CF /* wt-blur@2.jpg */ = {isa = PBXFileReference; lastKnownFileType = image.jpeg; name = "wt-blur@2.jpg"; path = "../../../../../../Desktop/resonance/sounds/wind-in-the-trees/iphone5/wt-blur@2.jpg"; sourceTree = "<group>"; };
		6582E7E8175CF2F20077A7CF /* wt@2.jpg */ = {isa = PBXFileReference; lastKnownFileType = image.jpeg; name = "wt@2.jpg"; path = "../../../../../../Desktop/resonance/sounds/wind-in-the-trees/iphone5/wt@2.jpg"; sourceTree = "<group>"; };
		6582E7EB175CF3210077A7CF /* ssb-blur@2.jpg */ = {isa = PBXFileReference; lastKnownFileType = image.jpeg; name = "ssb-blur@2.jpg"; path = "../../../../../../Desktop/resonance/sounds/silence-and-solitary-bird/iphone5/ssb-blur@2.jpg"; sourceTree = "<group>"; };
		6582E7EC175CF3210077A7CF /* ssb@2.jpg */ = {isa = PBXFileReference; lastKnownFileType = image.jpeg; name = "ssb@2.jpg"; path = "../../../../../../Desktop/resonance/sounds/silence-and-solitary-bird/iphone5/ssb@2.jpg"; sourceTree = "<group>"; };
		6582E7EF175CF3530077A7CF /* ct-blur@2.jpg */ = {isa = PBXFileReference; lastKnownFileType = image.jpeg; name = "ct-blur@2.jpg"; path = "../../../../../../Desktop/resonance/sounds/small-creek-trickle/iphone5/ct-blur@2.jpg"; sourceTree = "<group>"; };
		6582E7F0175CF3530077A7CF /* ct@2.jpg */ = {isa = PBXFileReference; lastKnownFileType = image.jpeg; name = "ct@2.jpg"; path = "../../../../../../Desktop/resonance/sounds/small-creek-trickle/iphone5/ct@2.jpg"; sourceTree = "<group>"; };
		6582E7F5175D3DEC0077A7CF /* icon-menu.png */ = {isa = PBXFileReference; lastKnownFileType = image.png; path = "icon-menu.png"; sourceTree = "<group>"; };
		6582E80D175D912D0077A7CF /* icon-plus-small.png */ = {isa = PBXFileReference; lastKnownFileType = image.png; path = "icon-plus-small.png"; sourceTree = "<group>"; };
		6582E813175D99EC0077A7CF /* icon-play-large.png */ = {isa = PBXFileReference; lastKnownFileType = image.png; path = "icon-play-large.png"; sourceTree = "<group>"; };
		6582E815175D9D390077A7CF /* icon-pause-large.png */ = {isa = PBXFileReference; lastKnownFileType = image.png; path = "icon-pause-large.png"; sourceTree = "<group>"; };
		658730B2174AC90D00D2B03E /* resonance.app */ = {isa = PBXFileReference; explicitFileType = wrapper.application; includeInIndex = 0; path = resonance.app; sourceTree = BUILT_PRODUCTS_DIR; };
		658730B5174AC90D00D2B03E /* UIKit.framework */ = {isa = PBXFileReference; lastKnownFileType = wrapper.framework; name = UIKit.framework; path = System/Library/Frameworks/UIKit.framework; sourceTree = SDKROOT; };
		658730B7174AC90D00D2B03E /* Foundation.framework */ = {isa = PBXFileReference; lastKnownFileType = wrapper.framework; name = Foundation.framework; path = System/Library/Frameworks/Foundation.framework; sourceTree = SDKROOT; };
		658730B9174AC90D00D2B03E /* CoreGraphics.framework */ = {isa = PBXFileReference; lastKnownFileType = wrapper.framework; name = CoreGraphics.framework; path = System/Library/Frameworks/CoreGraphics.framework; sourceTree = SDKROOT; };
		658730BB174AC90D00D2B03E /* CoreData.framework */ = {isa = PBXFileReference; lastKnownFileType = wrapper.framework; name = CoreData.framework; path = System/Library/Frameworks/CoreData.framework; sourceTree = SDKROOT; };
		658730BF174AC90D00D2B03E /* resonance-Info.plist */ = {isa = PBXFileReference; lastKnownFileType = text.plist.xml; path = "resonance-Info.plist"; sourceTree = "<group>"; };
		658730C1174AC90D00D2B03E /* en */ = {isa = PBXFileReference; lastKnownFileType = text.plist.strings; name = en; path = en.lproj/InfoPlist.strings; sourceTree = "<group>"; };
		658730C3174AC90D00D2B03E /* main.m */ = {isa = PBXFileReference; lastKnownFileType = sourcecode.c.objc; path = main.m; sourceTree = "<group>"; };
		658730C5174AC90D00D2B03E /* resonance-Prefix.pch */ = {isa = PBXFileReference; lastKnownFileType = sourcecode.c.h; path = "resonance-Prefix.pch"; sourceTree = "<group>"; };
		658730C6174AC90D00D2B03E /* ResoAppDelegate.h */ = {isa = PBXFileReference; lastKnownFileType = sourcecode.c.h; path = ResoAppDelegate.h; sourceTree = "<group>"; };
		658730C7174AC90D00D2B03E /* ResoAppDelegate.mm */ = {isa = PBXFileReference; lastKnownFileType = sourcecode.cpp.objcpp; path = ResoAppDelegate.mm; sourceTree = "<group>"; };
		658730CD174AC90D00D2B03E /* Default-568h@2x.png */ = {isa = PBXFileReference; lastKnownFileType = image.png; path = "Default-568h@2x.png"; sourceTree = "<group>"; };
		658730D0174AC90D00D2B03E /* resonance.xcdatamodel */ = {isa = PBXFileReference; lastKnownFileType = wrapper.xcdatamodel; path = resonance.xcdatamodel; sourceTree = "<group>"; };
		658A0FD8174B116F006E4605 /* ResoTypes.h */ = {isa = PBXFileReference; fileEncoding = 4; lastKnownFileType = sourcecode.c.h; path = ResoTypes.h; sourceTree = "<group>"; };
		658A0FD9174B1643006E4605 /* ResoVisualViewController.h */ = {isa = PBXFileReference; fileEncoding = 4; lastKnownFileType = sourcecode.c.h; path = ResoVisualViewController.h; sourceTree = "<group>"; };
		658A0FDA174B1643006E4605 /* ResoVisualViewController.mm */ = {isa = PBXFileReference; fileEncoding = 4; lastKnownFileType = sourcecode.cpp.objcpp; path = ResoVisualViewController.mm; sourceTree = "<group>"; };
		658A0FDC174BB149006E4605 /* ResoSettings.h */ = {isa = PBXFileReference; fileEncoding = 4; lastKnownFileType = sourcecode.c.h; path = ResoSettings.h; sourceTree = "<group>"; };
		658A0FDF174BB20B006E4605 /* RippleModel.h */ = {isa = PBXFileReference; fileEncoding = 4; lastKnownFileType = sourcecode.c.h; path = RippleModel.h; sourceTree = "<group>"; };
		658A0FE0174BB20B006E4605 /* RippleModel.mm */ = {isa = PBXFileReference; fileEncoding = 4; lastKnownFileType = sourcecode.cpp.objcpp; path = RippleModel.mm; sourceTree = "<group>"; };
		658A0FE1174BB20B006E4605 /* Shader.fsh */ = {isa = PBXFileReference; fileEncoding = 4; lastKnownFileType = sourcecode.glsl; path = Shader.fsh; sourceTree = "<group>"; };
		658A0FE2174BB20B006E4605 /* Shader.vsh */ = {isa = PBXFileReference; fileEncoding = 4; lastKnownFileType = sourcecode.glsl; path = Shader.vsh; sourceTree = "<group>"; };
		658A0FE9174BB377006E4605 /* oceanblue-blur@2.jpg */ = {isa = PBXFileReference; lastKnownFileType = image.jpeg; path = "oceanblue-blur@2.jpg"; sourceTree = "<group>"; };
		658A0FEA174BB377006E4605 /* oceanblue@2.jpg */ = {isa = PBXFileReference; lastKnownFileType = image.jpeg; path = "oceanblue@2.jpg"; sourceTree = "<group>"; };
		658A0FED174BC1B6006E4605 /* QuartzCore.framework */ = {isa = PBXFileReference; lastKnownFileType = wrapper.framework; name = QuartzCore.framework; path = System/Library/Frameworks/QuartzCore.framework; sourceTree = SDKROOT; };
		658A0FEF174BC1E9006E4605 /* AVFoundation.framework */ = {isa = PBXFileReference; lastKnownFileType = wrapper.framework; name = AVFoundation.framework; path = System/Library/Frameworks/AVFoundation.framework; sourceTree = SDKROOT; };
		658A0FF1174BC1F8006E4605 /* CoreVideo.framework */ = {isa = PBXFileReference; lastKnownFileType = wrapper.framework; name = CoreVideo.framework; path = System/Library/Frameworks/CoreVideo.framework; sourceTree = SDKROOT; };
		658A0FF3174C16EC006E4605 /* nebulaorange-blur@2.jpg */ = {isa = PBXFileReference; lastKnownFileType = image.jpeg; path = "nebulaorange-blur@2.jpg"; sourceTree = "<group>"; };
		658A0FF4174C16EC006E4605 /* nebulaorange@2.jpg */ = {isa = PBXFileReference; lastKnownFileType = image.jpeg; path = "nebulaorange@2.jpg"; sourceTree = "<group>"; };
		658A0FF7174D1FFC006E4605 /* ResoPlayerWidget.h */ = {isa = PBXFileReference; fileEncoding = 4; lastKnownFileType = sourcecode.c.h; path = ResoPlayerWidget.h; sourceTree = "<group>"; };
		658A0FF8174D1FFC006E4605 /* ResoPlayerWidget.mm */ = {isa = PBXFileReference; fileEncoding = 4; lastKnownFileType = sourcecode.cpp.objcpp; path = ResoPlayerWidget.mm; sourceTree = "<group>"; };
		658A0FFA174D2036006E4605 /* ResoModuleWidget.h */ = {isa = PBXFileReference; fileEncoding = 4; lastKnownFileType = sourcecode.c.h; path = ResoModuleWidget.h; sourceTree = "<group>"; };
		658A0FFB174D2036006E4605 /* ResoModuleWidget.mm */ = {isa = PBXFileReference; fileEncoding = 4; lastKnownFileType = sourcecode.cpp.objcpp; path = ResoModuleWidget.mm; sourceTree = "<group>"; };
		658A1000174D279D006E4605 /* ResoPanelWidget.h */ = {isa = PBXFileReference; fileEncoding = 4; lastKnownFileType = sourcecode.c.h; path = ResoPanelWidget.h; sourceTree = "<group>"; };
		658A1001174D279D006E4605 /* ResoPanelWidget.mm */ = {isa = PBXFileReference; fileEncoding = 4; lastKnownFileType = sourcecode.cpp.objcpp; path = ResoPanelWidget.mm; sourceTree = "<group>"; };
		658A1003174D6610006E4605 /* ResoMenuViewController.h */ = {isa = PBXFileReference; fileEncoding = 4; lastKnownFileType = sourcecode.c.h; path = ResoMenuViewController.h; sourceTree = "<group>"; };
		658A1004174D6610006E4605 /* ResoMenuViewController.mm */ = {isa = PBXFileReference; fileEncoding = 4; lastKnownFileType = sourcecode.cpp.objcpp; path = ResoMenuViewController.mm; sourceTree = "<group>"; };
		65B4F96817590E8800A11EF5 /* ResoModuleSettingsViewController.h */ = {isa = PBXFileReference; fileEncoding = 4; lastKnownFileType = sourcecode.c.h; path = ResoModuleSettingsViewController.h; sourceTree = "<group>"; };
		65B4F96917590E8800A11EF5 /* ResoModuleSettingsViewController.mm */ = {isa = PBXFileReference; fileEncoding = 4; lastKnownFileType = sourcecode.cpp.objcpp; path = ResoModuleSettingsViewController.mm; sourceTree = "<group>"; };
		65B4F96B17590FB200A11EF5 /* ResoModuleTypeViewController.h */ = {isa = PBXFileReference; fileEncoding = 4; lastKnownFileType = sourcecode.c.h; path = ResoModuleTypeViewController.h; sourceTree = "<group>"; };
		65B4F96C17590FB200A11EF5 /* ResoModuleTypeViewController.mm */ = {isa = PBXFileReference; fileEncoding = 4; lastKnownFileType = sourcecode.cpp.objcpp; path = ResoModuleTypeViewController.mm; sourceTree = "<group>"; };
		65B4F96E1759102B00A11EF5 /* ResoModuleSoundCategoryViewController.h */ = {isa = PBXFileReference; fileEncoding = 4; lastKnownFileType = sourcecode.c.h; path = ResoModuleSoundCategoryViewController.h; sourceTree = "<group>"; };
		65B4F96F1759102B00A11EF5 /* ResoModuleSoundCategoryViewController.mm */ = {isa = PBXFileReference; fileEncoding = 4; lastKnownFileType = sourcecode.cpp.objcpp; path = ResoModuleSoundCategoryViewController.mm; sourceTree = "<group>"; };
		65B4F9711759104900A11EF5 /* ResoModuleCloudListViewController.h */ = {isa = PBXFileReference; fileEncoding = 4; lastKnownFileType = sourcecode.c.h; path = ResoModuleCloudListViewController.h; sourceTree = "<group>"; };
		65B4F9721759104900A11EF5 /* ResoModuleCloudListViewController.mm */ = {isa = PBXFileReference; fileEncoding = 4; lastKnownFileType = sourcecode.cpp.objcpp; path = ResoModuleCloudListViewController.mm; sourceTree = "<group>"; };
		65B4F9741759106300A11EF5 /* ResoModuleSoundDetailsViewController.h */ = {isa = PBXFileReference; fileEncoding = 4; lastKnownFileType = sourcecode.c.h; path = ResoModuleSoundDetailsViewController.h; sourceTree = "<group>"; };
		65B4F9751759106300A11EF5 /* ResoModuleSoundDetailsViewController.mm */ = {isa = PBXFileReference; fileEncoding = 4; lastKnownFileType = sourcecode.cpp.objcpp; path = ResoModuleSoundDetailsViewController.mm; sourceTree = "<group>"; };
		65B4F9771759192E00A11EF5 /* ResoDataManager.h */ = {isa = PBXFileReference; fileEncoding = 4; lastKnownFileType = sourcecode.c.h; path = ResoDataManager.h; sourceTree = "<group>"; };
		65B4F9781759192E00A11EF5 /* ResoDataManager.mm */ = {isa = PBXFileReference; fileEncoding = 4; lastKnownFileType = sourcecode.cpp.objcpp; path = ResoDataManager.mm; sourceTree = "<group>"; };
		65B4F97A175919B800A11EF5 /* ResoModuleToneGeneratorViewController.h */ = {isa = PBXFileReference; fileEncoding = 4; lastKnownFileType = sourcecode.c.h; path = ResoModuleToneGeneratorViewController.h; sourceTree = "<group>"; };
		65B4F97B175919B900A11EF5 /* ResoModuleToneGeneratorViewController.mm */ = {isa = PBXFileReference; fileEncoding = 4; lastKnownFileType = sourcecode.cpp.objcpp; path = ResoModuleToneGeneratorViewController.mm; sourceTree = "<group>"; };
		65B4F97D17591A0A00A11EF5 /* ResoMixListViewController.h */ = {isa = PBXFileReference; fileEncoding = 4; lastKnownFileType = sourcecode.c.h; path = ResoMixListViewController.h; sourceTree = "<group>"; };
		65B4F97E17591A0A00A11EF5 /* ResoMixListViewController.mm */ = {isa = PBXFileReference; fileEncoding = 4; lastKnownFileType = sourcecode.cpp.objcpp; path = ResoMixListViewController.mm; sourceTree = "<group>"; };
		65B4F9841759694A00A11EF5 /* ResoActionBar.h */ = {isa = PBXFileReference; fileEncoding = 4; lastKnownFileType = sourcecode.c.h; path = ResoActionBar.h; sourceTree = "<group>"; };
		65B4F9851759694A00A11EF5 /* ResoActionBar.mm */ = {isa = PBXFileReference; fileEncoding = 4; lastKnownFileType = sourcecode.cpp.objcpp; path = ResoActionBar.mm; sourceTree = "<group>"; };
		65B4F98B175A87C800A11EF5 /* ResoAlarmViewController.h */ = {isa = PBXFileReference; fileEncoding = 4; lastKnownFileType = sourcecode.c.h; path = ResoAlarmViewController.h; sourceTree = "<group>"; };
		65B4F98C175A87C900A11EF5 /* ResoAlarmViewController.mm */ = {isa = PBXFileReference; fileEncoding = 4; lastKnownFileType = sourcecode.cpp.objcpp; path = ResoAlarmViewController.mm; sourceTree = "<group>"; };
		65B4F98E175A87DC00A11EF5 /* ResoTimerViewController.h */ = {isa = PBXFileReference; fileEncoding = 4; lastKnownFileType = sourcecode.c.h; path = ResoTimerViewController.h; sourceTree = "<group>"; };
		65B4F98F175A87DD00A11EF5 /* ResoTimerViewController.mm */ = {isa = PBXFileReference; fileEncoding = 4; lastKnownFileType = sourcecode.cpp.objcpp; path = ResoTimerViewController.mm; sourceTree = "<group>"; };
		65B4F991175A9AFC00A11EF5 /* starlight-blur@2.jpg */ = {isa = PBXFileReference; lastKnownFileType = image.jpeg; path = "starlight-blur@2.jpg"; sourceTree = "<group>"; };
		65B4F992175A9AFC00A11EF5 /* starlight@2.jpg */ = {isa = PBXFileReference; lastKnownFileType = image.jpeg; path = "starlight@2.jpg"; sourceTree = "<group>"; };
		65B4F995175A9B1100A11EF5 /* ranier-snow-blur@2.jpg */ = {isa = PBXFileReference; lastKnownFileType = image.jpeg; path = "ranier-snow-blur@2.jpg"; sourceTree = "<group>"; };
		65B4F996175A9B1100A11EF5 /* ranier-snow@2.jpg */ = {isa = PBXFileReference; lastKnownFileType = image.jpeg; path = "ranier-snow@2.jpg"; sourceTree = "<group>"; };
		65B4F999175A9BEC00A11EF5 /* sunflower-blur@2.jpg */ = {isa = PBXFileReference; lastKnownFileType = image.jpeg; path = "sunflower-blur@2.jpg"; sourceTree = "<group>"; };
		65B4F99A175A9BEC00A11EF5 /* sunflower@2.jpg */ = {isa = PBXFileReference; lastKnownFileType = image.jpeg; path = "sunflower@2.jpg"; sourceTree = "<group>"; };
		65B4F99D175AA35500A11EF5 /* reso-space-blur@2.jpg */ = {isa = PBXFileReference; lastKnownFileType = image.jpeg; path = "reso-space-blur@2.jpg"; sourceTree = "<group>"; };
		65B4F99E175AA35500A11EF5 /* reso-space@2.jpg */ = {isa = PBXFileReference; lastKnownFileType = image.jpeg; path = "reso-space@2.jpg"; sourceTree = "<group>"; };
		65E06A39174AD93D00BE68A5 /* ResoPlayerViewController.h */ = {isa = PBXFileReference; fileEncoding = 4; lastKnownFileType = sourcecode.c.h; path = ResoPlayerViewController.h; sourceTree = "<group>"; };
		65E06A3A174AD93D00BE68A5 /* ResoPlayerViewController.mm */ = {isa = PBXFileReference; fileEncoding = 4; lastKnownFileType = sourcecode.cpp.objcpp; path = ResoPlayerViewController.mm; sourceTree = "<group>"; };
		65E06A3C174ADA5400BE68A5 /* ResoModuleViewController.h */ = {isa = PBXFileReference; fileEncoding = 4; lastKnownFileType = sourcecode.c.h; path = ResoModuleViewController.h; sourceTree = "<group>"; };
		65E06A3D174ADA5400BE68A5 /* ResoModuleViewController.mm */ = {isa = PBXFileReference; fileEncoding = 4; lastKnownFileType = sourcecode.cpp.objcpp; path = ResoModuleViewController.mm; sourceTree = "<group>"; };
		65E06A3F174ADA7700BE68A5 /* ResoMixViewController.h */ = {isa = PBXFileReference; fileEncoding = 4; lastKnownFileType = sourcecode.c.h; path = ResoMixViewController.h; sourceTree = "<group>"; };
		65E06A40174ADA7700BE68A5 /* ResoMixViewController.mm */ = {isa = PBXFileReference; fileEncoding = 4; lastKnownFileType = sourcecode.cpp.objcpp; path = ResoMixViewController.mm; sourceTree = "<group>"; };
		65E06A42174ADA8B00BE68A5 /* ResoClocksViewController.h */ = {isa = PBXFileReference; fileEncoding = 4; lastKnownFileType = sourcecode.c.h; path = ResoClocksViewController.h; sourceTree = "<group>"; };
		65E06A43174ADA8B00BE68A5 /* ResoClocksViewController.mm */ = {isa = PBXFileReference; fileEncoding = 4; lastKnownFileType = sourcecode.cpp.objcpp; path = ResoClocksViewController.mm; sourceTree = "<group>"; };
		65E06A45174ADF0500BE68A5 /* GLKit.framework */ = {isa = PBXFileReference; lastKnownFileType = wrapper.framework; name = GLKit.framework; path = System/Library/Frameworks/GLKit.framework; sourceTree = SDKROOT; };
		65E06A47174AE19E00BE68A5 /* OpenGLES.framework */ = {isa = PBXFileReference; lastKnownFileType = wrapper.framework; name = OpenGLES.framework; path = System/Library/Frameworks/OpenGLES.framework; sourceTree = SDKROOT; };
/* End PBXFileReference section */

/* Begin PBXFrameworksBuildPhase section */
		658730AF174AC90D00D2B03E /* Frameworks */ = {
			isa = PBXFrameworksBuildPhase;
			buildActionMask = 2147483647;
			files = (
				65440EEB175B9F5D00B9AAF1 /* AudioToolbox.framework in Frameworks */,
				65440EEC175B9F5D00B9AAF1 /* CoreAudio.framework in Frameworks */,
				65440EE8175B9F2500B9AAF1 /* libz.dylib in Frameworks */,
				658A0FF2174BC1F8006E4605 /* CoreVideo.framework in Frameworks */,
				658A0FF0174BC1E9006E4605 /* AVFoundation.framework in Frameworks */,
				658A0FEE174BC1B6006E4605 /* QuartzCore.framework in Frameworks */,
				65E06A48174AE19F00BE68A5 /* OpenGLES.framework in Frameworks */,
				65E06A46174ADF0500BE68A5 /* GLKit.framework in Frameworks */,
				658730B6174AC90D00D2B03E /* UIKit.framework in Frameworks */,
				658730B8174AC90D00D2B03E /* Foundation.framework in Frameworks */,
				658730BA174AC90D00D2B03E /* CoreGraphics.framework in Frameworks */,
				658730BC174AC90D00D2B03E /* CoreData.framework in Frameworks */,
				65440EE6175B9DBB00B9AAF1 /* libfmodex_iphoneos.a in Frameworks */,
			);
			runOnlyForDeploymentPostprocessing = 0;
		};
/* End PBXFrameworksBuildPhase section */

/* Begin PBXGroup section */
		650CF78D175E7C670093BC83 /* network */ = {
			isa = PBXGroup;
			children = (
				650CF78E175E7C790093BC83 /* ResoMediaTransfer.h */,
				650CF78F175E7C790093BC83 /* ResoMediaTransfer.mm */,
				650CF790175E7C790093BC83 /* ResoMediaTransferItem.h */,
				650CF791175E7C790093BC83 /* ResoMediaTransferItem.mm */,
				650CF792175E7C790093BC83 /* ResoMediaTransferManager.h */,
				650CF793175E7C790093BC83 /* ResoMediaTransferManager.mm */,
				650CF794175E7C790093BC83 /* ResoMediaTransferQueue.h */,
				650CF795175E7C790093BC83 /* ResoMediaTransferQueue.mm */,
				650CF796175E7C790093BC83 /* ResoUrlConnection.h */,
				650CF797175E7C790093BC83 /* ResoUrlConnection.mm */,
			);
			name = network;
			sourceTree = "<group>";
		};
		650CF79D175E7CB00093BC83 /* zip */ = {
			isa = PBXGroup;
			children = (
				650CF79E175E7CBC0093BC83 /* minizip */,
				650CF7A8175E7CBC0093BC83 /* SSZipArchive.h */,
				650CF7A9175E7CBC0093BC83 /* SSZipArchive.mm */,
			);
			name = zip;
			sourceTree = "<group>";
		};
		650CF79E175E7CBC0093BC83 /* minizip */ = {
			isa = PBXGroup;
			children = (
				650CF79F175E7CBC0093BC83 /* crypt.h */,
				650CF7A0175E7CBC0093BC83 /* ioapi.c */,
				650CF7A1175E7CBC0093BC83 /* ioapi.h */,
				650CF7A2175E7CBC0093BC83 /* mztools.c */,
				650CF7A3175E7CBC0093BC83 /* mztools.h */,
				650CF7A4175E7CBC0093BC83 /* unzip.c */,
				650CF7A5175E7CBC0093BC83 /* unzip.h */,
				650CF7A6175E7CBC0093BC83 /* zip.c */,
				650CF7A7175E7CBC0093BC83 /* zip.h */,
			);
			path = minizip;
			sourceTree = "<group>";
		};
		6511738217579A8500CBCA9F /* helpers */ = {
			isa = PBXGroup;
			children = (
				65440EED175BB9B700B9AAF1 /* ResoFileManager.h */,
				65440EEE175BB9B700B9AAF1 /* ResoFileManager.mm */,
			);
			name = helpers;
			sourceTree = "<group>";
		};
		654E4E10174ACA9B00389576 /* visualization */ = {
			isa = PBXGroup;
			children = (
				658A0FDF174BB20B006E4605 /* RippleModel.h */,
				658A0FE0174BB20B006E4605 /* RippleModel.mm */,
				658A0FE1174BB20B006E4605 /* Shader.fsh */,
				658A0FE2174BB20B006E4605 /* Shader.vsh */,
				654E4E11174ACAC400389576 /* IResoVisualization.h */,
				654E4E12174ACAEE00389576 /* ResoPondViewController.h */,
				654E4E13174ACAEE00389576 /* ResoPondViewController.mm */,
			);
			name = visualization;
			sourceTree = "<group>";
		};
		657B42EA174E813D00350854 /* sound */ = {
			isa = PBXGroup;
			children = (
				657B42EB174E819100350854 /* ISound.h */,
				657B42EC174E81AE00350854 /* ITone.h */,
				657B42ED174E81BB00350854 /* ISoundEngine.h */,
				657B42EE174E81D100350854 /* IRecorder.h */,
				657B42EF174E835300350854 /* FMODSoundEngine.h */,
				657B42F0174E835300350854 /* FMODSoundEngine.mm */,
				657B42F2174E9CE000350854 /* FMODSound.h */,
				657B42F3174E9CE000350854 /* FMODSound.mm */,
				657B42F5174E9CF600350854 /* FMODTone.h */,
				657B42F6174E9CF600350854 /* FMODTone.mm */,
			);
			name = sound;
			sourceTree = "<group>";
		};
		658730A9174AC90D00D2B03E = {
			isa = PBXGroup;
			children = (
				6577FD50175EE27D00E435D6 /* reso-icon-57.png */,
				6577FD4E175EE27900E435D6 /* reso-icon-117.png */,
				658730BD174AC90D00D2B03E /* resonance */,
				658730B4174AC90D00D2B03E /* frameworks */,
				658730B3174AC90D00D2B03E /* products */,
			);
			sourceTree = "<group>";
		};
		658730B3174AC90D00D2B03E /* products */ = {
			isa = PBXGroup;
			children = (
				658730B2174AC90D00D2B03E /* resonance.app */,
			);
			name = products;
			sourceTree = "<group>";
		};
		658730B4174AC90D00D2B03E /* frameworks */ = {
			isa = PBXGroup;
			children = (
				65440EEA175B9F5D00B9AAF1 /* CoreAudio.framework */,
				65440EE9175B9F5D00B9AAF1 /* AudioToolbox.framework */,
				65440EE7175B9F2500B9AAF1 /* libz.dylib */,
				658A0FF1174BC1F8006E4605 /* CoreVideo.framework */,
				658A0FEF174BC1E9006E4605 /* AVFoundation.framework */,
				658A0FED174BC1B6006E4605 /* QuartzCore.framework */,
				65440EE5175B9DBB00B9AAF1 /* libfmodex_iphoneos.a */,
				65E06A47174AE19E00BE68A5 /* OpenGLES.framework */,
				65E06A45174ADF0500BE68A5 /* GLKit.framework */,
				658730B5174AC90D00D2B03E /* UIKit.framework */,
				658730B7174AC90D00D2B03E /* Foundation.framework */,
				658730B9174AC90D00D2B03E /* CoreGraphics.framework */,
				658730BB174AC90D00D2B03E /* CoreData.framework */,
			);
			name = frameworks;
			sourceTree = "<group>";
		};
		658730BD174AC90D00D2B03E /* resonance */ = {
			isa = PBXGroup;
			children = (
				658730C6174AC90D00D2B03E /* ResoAppDelegate.h */,
				658730C7174AC90D00D2B03E /* ResoAppDelegate.mm */,
				658A0FDC174BB149006E4605 /* ResoSettings.h */,
				658A0FD8174B116F006E4605 /* ResoTypes.h */,
				65E06A38174AD92700BE68A5 /* app */,
				650CF79D175E7CB00093BC83 /* zip */,
				650CF78D175E7C670093BC83 /* network */,
				6511738217579A8500CBCA9F /* helpers */,
				658A0FE8174BB369006E4605 /* resources */,
				658A0FDD174BB157006E4605 /* data */,
				657B42EA174E813D00350854 /* sound */,
				658A0FDE174BB173006E4605 /* ui */,
				654E4E10174ACA9B00389576 /* visualization */,
				658730BE174AC90D00D2B03E /* supporting files */,
			);
			path = resonance;
			sourceTree = "<group>";
		};
		658730BE174AC90D00D2B03E /* supporting files */ = {
			isa = PBXGroup;
			children = (
				650CF7AF175E7D250093BC83 /* NSMutableArray+QueueAdditions.h */,
				650CF7B0175E7D250093BC83 /* NSMutableArray+QueueAdditions.mm */,
				658730BF174AC90D00D2B03E /* resonance-Info.plist */,
				658730C0174AC90D00D2B03E /* InfoPlist.strings */,
				658730C3174AC90D00D2B03E /* main.m */,
				658730C5174AC90D00D2B03E /* resonance-Prefix.pch */,
				658730CD174AC90D00D2B03E /* Default-568h@2x.png */,
			);
			name = "supporting files";
			sourceTree = "<group>";
		};
		658A0FDD174BB157006E4605 /* data */ = {
			isa = PBXGroup;
			children = (
				658730CF174AC90D00D2B03E /* resonance.xcdatamodeld */,
				65B4F9771759192E00A11EF5 /* ResoDataManager.h */,
				65B4F9781759192E00A11EF5 /* ResoDataManager.mm */,
			);
			name = data;
			sourceTree = "<group>";
		};
		658A0FDE174BB173006E4605 /* ui */ = {
			isa = PBXGroup;
			children = (
				658A0FF7174D1FFC006E4605 /* ResoPlayerWidget.h */,
				658A0FF8174D1FFC006E4605 /* ResoPlayerWidget.mm */,
				658A0FFA174D2036006E4605 /* ResoModuleWidget.h */,
				658A0FFB174D2036006E4605 /* ResoModuleWidget.mm */,
				658A1000174D279D006E4605 /* ResoPanelWidget.h */,
				658A1001174D279D006E4605 /* ResoPanelWidget.mm */,
				657B42F8174F0D8F00350854 /* ResoSlider.h */,
				657B42F9174F0D8F00350854 /* ResoSlider.mm */,
				65B4F9841759694A00A11EF5 /* ResoActionBar.h */,
				65B4F9851759694A00A11EF5 /* ResoActionBar.mm */,
			);
			name = ui;
			sourceTree = "<group>";
		};
		658A0FE8174BB369006E4605 /* resources */ = {
			isa = PBXGroup;
			children = (
				65029CC31763CFC70009B331 /* reso-bg-blur@2.jpg */,
				65029CC41763CFC70009B331 /* reso-bg@2.jpg */,
				650CF78B175E63D10093BC83 /* icon-visual-small.png */,
				650CF787175E616C0093BC83 /* icon-menu-small.png */,
				65529127175E351900CA1C95 /* icon-play-small.png */,
				65529125175E351000CA1C95 /* icon-chevron-left-small.png */,
				65529123175E350400CA1C95 /* icon-chevron-right-small.png */,
				65529121175E31E800CA1C95 /* icon-clock-small.png */,
				6552911F175E31DD00CA1C95 /* icon-mix-small.png */,
				6582E815175D9D390077A7CF /* icon-pause-large.png */,
				6582E813175D99EC0077A7CF /* icon-play-large.png */,
				6582E80D175D912D0077A7CF /* icon-plus-small.png */,
				6582E7F5175D3DEC0077A7CF /* icon-menu.png */,
				6582E7EF175CF3530077A7CF /* ct-blur@2.jpg */,
				6582E7F0175CF3530077A7CF /* ct@2.jpg */,
				6582E7EB175CF3210077A7CF /* ssb-blur@2.jpg */,
				6582E7EC175CF3210077A7CF /* ssb@2.jpg */,
				6582E7E7175CF2F20077A7CF /* wt-blur@2.jpg */,
				6582E7E8175CF2F20077A7CF /* wt@2.jpg */,
				6582E7E3175CF2C60077A7CF /* sr-blur@2.jpg */,
				6582E7E4175CF2C60077A7CF /* sr@2.jpg */,
				6582E7DF175CF1F80077A7CF /* nebula-blue-blur@2.jpg */,
				6582E7E0175CF1F80077A7CF /* nebula-blue@2.jpg */,
				6582E7DB175CF1D60077A7CF /* k-blur@2.jpg */,
				6582E7DC175CF1D60077A7CF /* k@2.jpg */,
				6582E7D7175CF1C70077A7CF /* pattern-blue-blur@2.jpg */,
				6582E7D8175CF1C70077A7CF /* pattern-blue@2.jpg */,
				6582E7D3175CF1920077A7CF /* pink-blossoms-blur@2.jpg */,
				6582E7D4175CF1920077A7CF /* pink-blossoms@2.jpg */,
				65B4F99D175AA35500A11EF5 /* reso-space-blur@2.jpg */,
				65B4F99E175AA35500A11EF5 /* reso-space@2.jpg */,
				65B4F999175A9BEC00A11EF5 /* sunflower-blur@2.jpg */,
				65B4F99A175A9BEC00A11EF5 /* sunflower@2.jpg */,
				65B4F995175A9B1100A11EF5 /* ranier-snow-blur@2.jpg */,
				65B4F996175A9B1100A11EF5 /* ranier-snow@2.jpg */,
				65B4F991175A9AFC00A11EF5 /* starlight-blur@2.jpg */,
				65B4F992175A9AFC00A11EF5 /* starlight@2.jpg */,
				658A0FF3174C16EC006E4605 /* nebulaorange-blur@2.jpg */,
				658A0FF4174C16EC006E4605 /* nebulaorange@2.jpg */,
				658A0FE9174BB377006E4605 /* oceanblue-blur@2.jpg */,
				658A0FEA174BB377006E4605 /* oceanblue@2.jpg */,
			);
			name = resources;
			sourceTree = "<group>";
		};
		65E06A38174AD92700BE68A5 /* app */ = {
			isa = PBXGroup;
			children = (
				65E06A39174AD93D00BE68A5 /* ResoPlayerViewController.h */,
				65E06A3A174AD93D00BE68A5 /* ResoPlayerViewController.mm */,
				65E06A3C174ADA5400BE68A5 /* ResoModuleViewController.h */,
				65E06A3D174ADA5400BE68A5 /* ResoModuleViewController.mm */,
				65E06A3F174ADA7700BE68A5 /* ResoMixViewController.h */,
				65E06A40174ADA7700BE68A5 /* ResoMixViewController.mm */,
				65E06A42174ADA8B00BE68A5 /* ResoClocksViewController.h */,
				65E06A43174ADA8B00BE68A5 /* ResoClocksViewController.mm */,
				658A0FD9174B1643006E4605 /* ResoVisualViewController.h */,
				658A0FDA174B1643006E4605 /* ResoVisualViewController.mm */,
				658A1003174D6610006E4605 /* ResoMenuViewController.h */,
				658A1004174D6610006E4605 /* ResoMenuViewController.mm */,
				657B42E4174E80DE00350854 /* ResoModuleManager.h */,
				657B42E5174E80DE00350854 /* ResoModuleManager.mm */,
				657B42E7174E80F000350854 /* ResoModule.h */,
				657B42E8174E80F000350854 /* ResoModule.mm */,
				65B4F96817590E8800A11EF5 /* ResoModuleSettingsViewController.h */,
				65B4F96917590E8800A11EF5 /* ResoModuleSettingsViewController.mm */,
				65B4F96B17590FB200A11EF5 /* ResoModuleTypeViewController.h */,
				65B4F96C17590FB200A11EF5 /* ResoModuleTypeViewController.mm */,
				65B4F96E1759102B00A11EF5 /* ResoModuleSoundCategoryViewController.h */,
				65B4F96F1759102B00A11EF5 /* ResoModuleSoundCategoryViewController.mm */,
				65B4F9711759104900A11EF5 /* ResoModuleCloudListViewController.h */,
				65B4F9721759104900A11EF5 /* ResoModuleCloudListViewController.mm */,
				65B4F9741759106300A11EF5 /* ResoModuleSoundDetailsViewController.h */,
				65B4F9751759106300A11EF5 /* ResoModuleSoundDetailsViewController.mm */,
				65B4F97A175919B800A11EF5 /* ResoModuleToneGeneratorViewController.h */,
				65B4F97B175919B900A11EF5 /* ResoModuleToneGeneratorViewController.mm */,
				65B4F97D17591A0A00A11EF5 /* ResoMixListViewController.h */,
				65B4F97E17591A0A00A11EF5 /* ResoMixListViewController.mm */,
				65B4F98B175A87C800A11EF5 /* ResoAlarmViewController.h */,
				65B4F98C175A87C900A11EF5 /* ResoAlarmViewController.mm */,
				65B4F98E175A87DC00A11EF5 /* ResoTimerViewController.h */,
				65B4F98F175A87DD00A11EF5 /* ResoTimerViewController.mm */,
				651475A81760C3D700A3DBDA /* ResoModuleDeviceListViewController.h */,
				651475A91760C3D700A3DBDA /* ResoModuleDeviceListViewController.mm */,
			);
			name = app;
			sourceTree = "<group>";
		};
/* End PBXGroup section */

/* Begin PBXNativeTarget section */
		658730B1174AC90D00D2B03E /* resonance */ = {
			isa = PBXNativeTarget;
			buildConfigurationList = 658730D4174AC90D00D2B03E /* Build configuration list for PBXNativeTarget "resonance" */;
			buildPhases = (
				658730AE174AC90D00D2B03E /* Sources */,
				658730AF174AC90D00D2B03E /* Frameworks */,
				658730B0174AC90D00D2B03E /* Resources */,
			);
			buildRules = (
			);
			dependencies = (
			);
			name = resonance;
			productName = resonance;
			productReference = 658730B2174AC90D00D2B03E /* resonance.app */;
			productType = "com.apple.product-type.application";
		};
/* End PBXNativeTarget section */

/* Begin PBXProject section */
		658730AA174AC90D00D2B03E /* Project object */ = {
			isa = PBXProject;
			attributes = {
				CLASSPREFIX = Reso;
				LastUpgradeCheck = 0460;
				ORGANIZATIONNAME = "Monomyth Software";
			};
			buildConfigurationList = 658730AD174AC90D00D2B03E /* Build configuration list for PBXProject "resonance" */;
			compatibilityVersion = "Xcode 3.2";
			developmentRegion = English;
			hasScannedForEncodings = 0;
			knownRegions = (
				en,
			);
			mainGroup = 658730A9174AC90D00D2B03E;
			productRefGroup = 658730B3174AC90D00D2B03E /* products */;
			projectDirPath = "";
			projectRoot = "";
			targets = (
				658730B1174AC90D00D2B03E /* resonance */,
			);
		};
/* End PBXProject section */

/* Begin PBXResourcesBuildPhase section */
		658730B0174AC90D00D2B03E /* Resources */ = {
			isa = PBXResourcesBuildPhase;
			buildActionMask = 2147483647;
			files = (
				658A0FE6174BB243006E4605 /* Shader.fsh in Resources */,
				658A0FE7174BB243006E4605 /* Shader.vsh in Resources */,
				658730C2174AC90D00D2B03E /* InfoPlist.strings in Resources */,
				658730CE174AC90D00D2B03E /* Default-568h@2x.png in Resources */,
				658A0FEB174BB377006E4605 /* oceanblue-blur@2.jpg in Resources */,
				658A0FEC174BB377006E4605 /* oceanblue@2.jpg in Resources */,
				658A0FF5174C16EC006E4605 /* nebulaorange-blur@2.jpg in Resources */,
				658A0FF6174C16EC006E4605 /* nebulaorange@2.jpg in Resources */,
				65B4F993175A9AFC00A11EF5 /* starlight-blur@2.jpg in Resources */,
				65B4F994175A9AFC00A11EF5 /* starlight@2.jpg in Resources */,
				65B4F997175A9B1100A11EF5 /* ranier-snow-blur@2.jpg in Resources */,
				65B4F998175A9B1100A11EF5 /* ranier-snow@2.jpg in Resources */,
				65B4F99B175A9BEC00A11EF5 /* sunflower-blur@2.jpg in Resources */,
				65B4F99C175A9BEC00A11EF5 /* sunflower@2.jpg in Resources */,
				65B4F99F175AA35500A11EF5 /* reso-space-blur@2.jpg in Resources */,
				65B4F9A0175AA35500A11EF5 /* reso-space@2.jpg in Resources */,
				6582E7D5175CF1920077A7CF /* pink-blossoms-blur@2.jpg in Resources */,
				6582E7D6175CF1920077A7CF /* pink-blossoms@2.jpg in Resources */,
				6582E7D9175CF1C70077A7CF /* pattern-blue-blur@2.jpg in Resources */,
				6582E7DA175CF1C70077A7CF /* pattern-blue@2.jpg in Resources */,
				6582E7DD175CF1D60077A7CF /* k-blur@2.jpg in Resources */,
				6582E7DE175CF1D60077A7CF /* k@2.jpg in Resources */,
				6582E7E1175CF1F80077A7CF /* nebula-blue-blur@2.jpg in Resources */,
				6582E7E2175CF1F80077A7CF /* nebula-blue@2.jpg in Resources */,
				6582E7E5175CF2C60077A7CF /* sr-blur@2.jpg in Resources */,
				6582E7E6175CF2C60077A7CF /* sr@2.jpg in Resources */,
				6582E7E9175CF2F20077A7CF /* wt-blur@2.jpg in Resources */,
				6582E7EA175CF2F20077A7CF /* wt@2.jpg in Resources */,
				6582E7ED175CF3210077A7CF /* ssb-blur@2.jpg in Resources */,
				6582E7EE175CF3210077A7CF /* ssb@2.jpg in Resources */,
				6582E7F1175CF3530077A7CF /* ct-blur@2.jpg in Resources */,
				6582E7F2175CF3530077A7CF /* ct@2.jpg in Resources */,
				6582E7F6175D3DEC0077A7CF /* icon-menu.png in Resources */,
				6582E80E175D912D0077A7CF /* icon-plus-small.png in Resources */,
				6582E814175D99EC0077A7CF /* icon-play-large.png in Resources */,
				6582E816175D9D390077A7CF /* icon-pause-large.png in Resources */,
				65529120175E31DD00CA1C95 /* icon-mix-small.png in Resources */,
				65529122175E31E800CA1C95 /* icon-clock-small.png in Resources */,
				65529124175E350400CA1C95 /* icon-chevron-right-small.png in Resources */,
				65529126175E351000CA1C95 /* icon-chevron-left-small.png in Resources */,
				65529128175E351900CA1C95 /* icon-play-small.png in Resources */,
				650CF788175E616C0093BC83 /* icon-menu-small.png in Resources */,
				650CF78C175E63D10093BC83 /* icon-visual-small.png in Resources */,
				6577FD4F175EE27900E435D6 /* reso-icon-117.png in Resources */,
				6577FD51175EE27D00E435D6 /* reso-icon-57.png in Resources */,
				65029CC51763CFC70009B331 /* reso-bg-blur@2.jpg in Resources */,
				65029CC61763CFC70009B331 /* reso-bg@2.jpg in Resources */,
			);
			runOnlyForDeploymentPostprocessing = 0;
		};
/* End PBXResourcesBuildPhase section */

/* Begin PBXSourcesBuildPhase section */
		658730AE174AC90D00D2B03E /* Sources */ = {
			isa = PBXSourcesBuildPhase;
			buildActionMask = 2147483647;
			files = (
				658730C4174AC90D00D2B03E /* main.m in Sources */,
				658730C8174AC90D00D2B03E /* ResoAppDelegate.mm in Sources */,
				658730D1174AC90D00D2B03E /* resonance.xcdatamodeld in Sources */,
				654E4E14174ACAEE00389576 /* ResoPondViewController.mm in Sources */,
				65E06A3B174AD93D00BE68A5 /* ResoPlayerViewController.mm in Sources */,
				65E06A3E174ADA5400BE68A5 /* ResoModuleViewController.mm in Sources */,
				65E06A41174ADA7700BE68A5 /* ResoMixViewController.mm in Sources */,
				65E06A44174ADA8B00BE68A5 /* ResoClocksViewController.mm in Sources */,
				658A0FDB174B1643006E4605 /* ResoVisualViewController.mm in Sources */,
				658A0FE3174BB20B006E4605 /* RippleModel.mm in Sources */,
				658A0FF9174D1FFC006E4605 /* ResoPlayerWidget.mm in Sources */,
				658A0FFC174D2036006E4605 /* ResoModuleWidget.mm in Sources */,
				658A1002174D279D006E4605 /* ResoPanelWidget.mm in Sources */,
				658A1005174D6610006E4605 /* ResoMenuViewController.mm in Sources */,
				657B42E6174E80DE00350854 /* ResoModuleManager.mm in Sources */,
				657B42E9174E80F000350854 /* ResoModule.mm in Sources */,
				657B42F1174E835300350854 /* FMODSoundEngine.mm in Sources */,
				657B42F4174E9CE000350854 /* FMODSound.mm in Sources */,
				657B42F7174E9CF600350854 /* FMODTone.mm in Sources */,
				657B42FA174F0D8F00350854 /* ResoSlider.mm in Sources */,
				65B4F96A17590E8800A11EF5 /* ResoModuleSettingsViewController.mm in Sources */,
				65B4F96D17590FB200A11EF5 /* ResoModuleTypeViewController.mm in Sources */,
				65B4F9701759102B00A11EF5 /* ResoModuleSoundCategoryViewController.mm in Sources */,
				65B4F9731759104900A11EF5 /* ResoModuleCloudListViewController.mm in Sources */,
				65B4F9761759106300A11EF5 /* ResoModuleSoundDetailsViewController.mm in Sources */,
				65B4F9791759192E00A11EF5 /* ResoDataManager.mm in Sources */,
				65B4F97C175919B900A11EF5 /* ResoModuleToneGeneratorViewController.mm in Sources */,
				65B4F97F17591A0A00A11EF5 /* ResoMixListViewController.mm in Sources */,
				65B4F9861759694A00A11EF5 /* ResoActionBar.mm in Sources */,
				65B4F98D175A87CB00A11EF5 /* ResoAlarmViewController.mm in Sources */,
				65B4F990175A87DE00A11EF5 /* ResoTimerViewController.mm in Sources */,
				65440EEF175BB9B700B9AAF1 /* ResoFileManager.mm in Sources */,
				650CF798175E7C790093BC83 /* ResoMediaTransfer.mm in Sources */,
				650CF799175E7C790093BC83 /* ResoMediaTransferItem.mm in Sources */,
				650CF79A175E7C790093BC83 /* ResoMediaTransferManager.mm in Sources */,
				650CF79B175E7C790093BC83 /* ResoMediaTransferQueue.mm in Sources */,
				650CF79C175E7C790093BC83 /* ResoUrlConnection.mm in Sources */,
				650CF7AA175E7CBC0093BC83 /* ioapi.c in Sources */,
				650CF7AB175E7CBC0093BC83 /* mztools.c in Sources */,
				650CF7AC175E7CBC0093BC83 /* unzip.c in Sources */,
				650CF7AD175E7CBC0093BC83 /* zip.c in Sources */,
				650CF7AE175E7CBC0093BC83 /* SSZipArchive.mm in Sources */,
				650CF7B1175E7D250093BC83 /* NSMutableArray+QueueAdditions.mm in Sources */,
				651475AA1760C3D700A3DBDA /* ResoModuleDeviceListViewController.mm in Sources */,
			);
			runOnlyForDeploymentPostprocessing = 0;
		};
/* End PBXSourcesBuildPhase section */

/* Begin PBXVariantGroup section */
		658730C0174AC90D00D2B03E /* InfoPlist.strings */ = {
			isa = PBXVariantGroup;
			children = (
				658730C1174AC90D00D2B03E /* en */,
			);
			name = InfoPlist.strings;
			sourceTree = "<group>";
		};
/* End PBXVariantGroup section */

/* Begin XCBuildConfiguration section */
		658730D2174AC90D00D2B03E /* Debug */ = {
			isa = XCBuildConfiguration;
			buildSettings = {
				ALWAYS_SEARCH_USER_PATHS = NO;
				CLANG_CXX_LANGUAGE_STANDARD = "gnu++0x";
				CLANG_CXX_LIBRARY = "libc++";
				CLANG_ENABLE_OBJC_ARC = YES;
				CLANG_WARN_CONSTANT_CONVERSION = YES;
				CLANG_WARN_EMPTY_BODY = YES;
				CLANG_WARN_ENUM_CONVERSION = YES;
				CLANG_WARN_INT_CONVERSION = YES;
				CLANG_WARN__DUPLICATE_METHOD_MATCH = YES;
				"CODE_SIGN_IDENTITY[sdk=iphoneos*]" = "iPhone Developer";
				COPY_PHASE_STRIP = NO;
				GCC_C_LANGUAGE_STANDARD = gnu99;
				GCC_DYNAMIC_NO_PIC = NO;
				GCC_OPTIMIZATION_LEVEL = 0;
				GCC_PREPROCESSOR_DEFINITIONS = (
					"DEBUG=1",
					"$(inherited)",
				);
				GCC_SYMBOLS_PRIVATE_EXTERN = NO;
				GCC_WARN_ABOUT_RETURN_TYPE = YES;
				GCC_WARN_UNINITIALIZED_AUTOS = YES;
				GCC_WARN_UNUSED_VARIABLE = YES;
				IPHONEOS_DEPLOYMENT_TARGET = 6.1;
				ONLY_ACTIVE_ARCH = YES;
				SDKROOT = iphoneos;
				TARGETED_DEVICE_FAMILY = "1,2";
			};
			name = Debug;
		};
		658730D3174AC90D00D2B03E /* Release */ = {
			isa = XCBuildConfiguration;
			buildSettings = {
				ALWAYS_SEARCH_USER_PATHS = NO;
				CLANG_CXX_LANGUAGE_STANDARD = "gnu++0x";
				CLANG_CXX_LIBRARY = "libc++";
				CLANG_ENABLE_OBJC_ARC = YES;
				CLANG_WARN_CONSTANT_CONVERSION = YES;
				CLANG_WARN_EMPTY_BODY = YES;
				CLANG_WARN_ENUM_CONVERSION = YES;
				CLANG_WARN_INT_CONVERSION = YES;
				CLANG_WARN__DUPLICATE_METHOD_MATCH = YES;
				"CODE_SIGN_IDENTITY[sdk=iphoneos*]" = "iPhone Developer";
				COPY_PHASE_STRIP = YES;
				GCC_C_LANGUAGE_STANDARD = gnu99;
				GCC_WARN_ABOUT_RETURN_TYPE = YES;
				GCC_WARN_UNINITIALIZED_AUTOS = YES;
				GCC_WARN_UNUSED_VARIABLE = YES;
				IPHONEOS_DEPLOYMENT_TARGET = 6.1;
				OTHER_CFLAGS = "-DNS_BLOCK_ASSERTIONS=1";
				SDKROOT = iphoneos;
				TARGETED_DEVICE_FAMILY = "1,2";
				VALIDATE_PRODUCT = YES;
			};
			name = Release;
		};
		658730D5174AC90D00D2B03E /* Debug */ = {
			isa = XCBuildConfiguration;
			buildSettings = {
				GCC_PRECOMPILE_PREFIX_HEADER = YES;
				GCC_PREFIX_HEADER = "resonance/resonance-Prefix.pch";
				HEADER_SEARCH_PATHS = "../../../../../Library/FMOD/api/inc/**";
				INFOPLIST_FILE = "resonance/resonance-Info.plist";
				LIBRARY_SEARCH_PATHS = (
					"$(inherited)",
					"\"$(SRCROOT)/../../../../../Library/FMOD/api/lib\"",
					"../../../../../Library/FMOD/api/lib/**",
				);
				"OTHER_LDFLAGS[arch=armv7]" = "-lfmodex_iphoneos";
				"OTHER_LDFLAGS[sdk=iphonesimulator*]" = "-lfmodex_iphonesimulator";
				PRODUCT_NAME = "$(TARGET_NAME)";
				WRAPPER_EXTENSION = app;
			};
			name = Debug;
		};
		658730D6174AC90D00D2B03E /* Release */ = {
			isa = XCBuildConfiguration;
			buildSettings = {
				GCC_PRECOMPILE_PREFIX_HEADER = YES;
				GCC_PREFIX_HEADER = "resonance/resonance-Prefix.pch";
				HEADER_SEARCH_PATHS = "../../../../../Library/FMOD/api/inc/**";
				INFOPLIST_FILE = "resonance/resonance-Info.plist";
				LIBRARY_SEARCH_PATHS = (
					"$(inherited)",
					"\"$(SRCROOT)/../../../../../Library/FMOD/api/lib\"",
					"../../../../../Library/FMOD/api/lib/**",
				);
				"OTHER_LDFLAGS[arch=*]" = "-lfmodex_iphoneos";
				PRODUCT_NAME = "$(TARGET_NAME)";
				WRAPPER_EXTENSION = app;
			};
			name = Release;
		};
/* End XCBuildConfiguration section */

/* Begin XCConfigurationList section */
		658730AD174AC90D00D2B03E /* Build configuration list for PBXProject "resonance" */ = {
			isa = XCConfigurationList;
			buildConfigurations = (
				658730D2174AC90D00D2B03E /* Debug */,
				658730D3174AC90D00D2B03E /* Release */,
			);
			defaultConfigurationIsVisible = 0;
			defaultConfigurationName = Release;
		};
		658730D4174AC90D00D2B03E /* Build configuration list for PBXNativeTarget "resonance" */ = {
			isa = XCConfigurationList;
			buildConfigurations = (
				658730D5174AC90D00D2B03E /* Debug */,
				658730D6174AC90D00D2B03E /* Release */,
			);
			defaultConfigurationIsVisible = 0;
			defaultConfigurationName = Release;
		};
/* End XCConfigurationList section */

/* Begin XCVersionGroup section */
		658730CF174AC90D00D2B03E /* resonance.xcdatamodeld */ = {
			isa = XCVersionGroup;
			children = (
				658730D0174AC90D00D2B03E /* resonance.xcdatamodel */,
			);
			currentVersion = 658730D0174AC90D00D2B03E /* resonance.xcdatamodel */;
			path = resonance.xcdatamodeld;
			sourceTree = "<group>";
			versionGroupType = wrapper.xcdatamodel;
		};
/* End XCVersionGroup section */
	};
	rootObject = 658730AA174AC90D00D2B03E /* Project object */;
}
